// !$*UTF8*$!
{
	archiveVersion = 1;
	classes = {
	};
	objectVersion = 51;
	objects = {

/* Begin PBXBuildFile section */
		2C5E1168253FDA10005AE0D5 /* QWeather.framework in Frameworks */ = {isa = PBXBuildFile; fileRef = 2C5E1167253FDA10005AE0D5 /* QWeather.framework */; };
		2C5E11A2253FDEBF005AE0D5 /* QWeatherBaseTextField.m in Sources */ = {isa = PBXBuildFile; fileRef = 2C5E1194253FDEBE005AE0D5 /* QWeatherBaseTextField.m */; };
		2C5E11A3253FDEBF005AE0D5 /* QWeatherBaseView.m in Sources */ = {isa = PBXBuildFile; fileRef = 2C5E1195253FDEBE005AE0D5 /* QWeatherBaseView.m */; };
		2C5E11A4253FDEBF005AE0D5 /* QWeatherBaseButton.m in Sources */ = {isa = PBXBuildFile; fileRef = 2C5E1197253FDEBE005AE0D5 /* QWeatherBaseButton.m */; };
		2C5E11A5253FDEBF005AE0D5 /* QWeatherBaseViewController.m in Sources */ = {isa = PBXBuildFile; fileRef = 2C5E1198253FDEBE005AE0D5 /* QWeatherBaseViewController.m */; };
		2C5E11A7253FDEBF005AE0D5 /* QWeatherBaseNavigationViewController.m in Sources */ = {isa = PBXBuildFile; fileRef = 2C5E119C253FDEBE005AE0D5 /* QWeatherBaseNavigationViewController.m */; };
		2C5E11A8253FDEBF005AE0D5 /* QWeatherBaseLabel.m in Sources */ = {isa = PBXBuildFile; fileRef = 2C5E119D253FDEBE005AE0D5 /* QWeatherBaseLabel.m */; };
		2C5E11AE253FDEF5005AE0D5 /* UIBezierPath+QWeatherPath.m in Sources */ = {isa = PBXBuildFile; fileRef = 2C5E11AC253FDEF5005AE0D5 /* UIBezierPath+QWeatherPath.m */; };
		2C5E11B9253FDF62005AE0D5 /* QWeatherDataManager.m in Sources */ = {isa = PBXBuildFile; fileRef = 2C5E11B5253FDF62005AE0D5 /* QWeatherDataManager.m */; };
		2C5E11BA253FDF62005AE0D5 /* QWeatherRequest.m in Sources */ = {isa = PBXBuildFile; fileRef = 2C5E11B7253FDF62005AE0D5 /* QWeatherRequest.m */; };
		2C5E11CA253FDF8D005AE0D5 /* QWeatherHomeViewController.m in Sources */ = {isa = PBXBuildFile; fileRef = 2C5E11BF253FDF8C005AE0D5 /* QWeatherHomeViewController.m */; };
		2C5E11CB253FDF8D005AE0D5 /* QWeatherAboutViewController.m in Sources */ = {isa = PBXBuildFile; fileRef = 2C5E11C2253FDF8C005AE0D5 /* QWeatherAboutViewController.m */; };
		2C5E11CC253FDF8D005AE0D5 /* QWeatherCityManagerViewController.m in Sources */ = {isa = PBXBuildFile; fileRef = 2C5E11C4253FDF8C005AE0D5 /* QWeatherCityManagerViewController.m */; };
		2C5E11CD253FDF8D005AE0D5 /* QWeatherAuthorityViewController.m in Sources */ = {isa = PBXBuildFile; fileRef = 2C5E11C6253FDF8C005AE0D5 /* QWeatherAuthorityViewController.m */; };
		2C5E11CE253FDF8D005AE0D5 /* QWeatherSearchViewController.m in Sources */ = {isa = PBXBuildFile; fileRef = 2C5E11C7253FDF8C005AE0D5 /* QWeatherSearchViewController.m */; };
		2C5E11CF253FDF8D005AE0D5 /* QWeatherSettingViewController.m in Sources */ = {isa = PBXBuildFile; fileRef = 2C5E11C9253FDF8D005AE0D5 /* QWeatherSettingViewController.m */; };
		2C5E11D7253FDFA2005AE0D5 /* QWeatherHomeTabelViewDataModel.m in Sources */ = {isa = PBXBuildFile; fileRef = 2C5E11D5253FDFA2005AE0D5 /* QWeatherHomeTabelViewDataModel.m */; };
		2C5E11D8253FDFA2005AE0D5 /* QWeatherSettingModel.m in Sources */ = {isa = PBXBuildFile; fileRef = 2C5E11D6253FDFA2005AE0D5 /* QWeatherSettingModel.m */; };
		2C5E11F7253FDFD1005AE0D5 /* QWeatherHomeNavView.m in Sources */ = {isa = PBXBuildFile; fileRef = 2C5E11E1253FDFD1005AE0D5 /* QWeatherHomeNavView.m */; };
		2C5E11F8253FDFD1005AE0D5 /* QWeatherHomeScrollView.m in Sources */ = {isa = PBXBuildFile; fileRef = 2C5E11E5253FDFD1005AE0D5 /* QWeatherHomeScrollView.m */; };
		2C5E11F9253FDFD1005AE0D5 /* QWeatherInstructionView.m in Sources */ = {isa = PBXBuildFile; fileRef = 2C5E11E7253FDFD1005AE0D5 /* QWeatherInstructionView.m */; };
		2C5E11FA253FDFD1005AE0D5 /* QWeatherHourlyLineView.m in Sources */ = {isa = PBXBuildFile; fileRef = 2C5E11E8253FDFD1005AE0D5 /* QWeatherHourlyLineView.m */; };
		2C5E11FB253FDFD1005AE0D5 /* QWeatherHourlyImageView.m in Sources */ = {isa = PBXBuildFile; fileRef = 2C5E11E9253FDFD1005AE0D5 /* QWeatherHourlyImageView.m */; };
		2C5E11FC253FDFD1005AE0D5 /* QWeatherHomeCollectionViewCell.xib in Resources */ = {isa = PBXBuildFile; fileRef = 2C5E11EA253FDFD1005AE0D5 /* QWeatherHomeCollectionViewCell.xib */; };
		2C5E11FD253FDFD1005AE0D5 /* QWeatherDayWeatherRowView.m in Sources */ = {isa = PBXBuildFile; fileRef = 2C5E11EB253FDFD1005AE0D5 /* QWeatherDayWeatherRowView.m */; };
		2C5E11FE253FDFD1005AE0D5 /* QWeatherWaterWaveView.m in Sources */ = {isa = PBXBuildFile; fileRef = 2C5E11EC253FDFD1005AE0D5 /* QWeatherWaterWaveView.m */; };
		2C5E11FF253FDFD1005AE0D5 /* QWeatherDayWeatherView.m in Sources */ = {isa = PBXBuildFile; fileRef = 2C5E11ED253FDFD1005AE0D5 /* QWeatherDayWeatherView.m */; };
		2C5E1200253FDFD1005AE0D5 /* QWeatherHourlyLineImagesView.m in Sources */ = {isa = PBXBuildFile; fileRef = 2C5E11EE253FDFD1005AE0D5 /* QWeatherHourlyLineImagesView.m */; };
		2C5E1201253FDFD1005AE0D5 /* QWeatherHomeCollectionViewCell.m in Sources */ = {isa = PBXBuildFile; fileRef = 2C5E11F0253FDFD1005AE0D5 /* QWeatherHomeCollectionViewCell.m */; };
		2C5E1202253FDFD1005AE0D5 /* QWeatherHourlyWeatherView.m in Sources */ = {isa = PBXBuildFile; fileRef = 2C5E11F3253FDFD1005AE0D5 /* QWeatherHourlyWeatherView.m */; };
		2C5E1203253FDFD1005AE0D5 /* QWeatherRefreshHeader.m in Sources */ = {isa = PBXBuildFile; fileRef = 2C5E11F4253FDFD1005AE0D5 /* QWeatherRefreshHeader.m */; };
		2C5E1204253FDFD1005AE0D5 /* QWeatherNowWeatherView.m in Sources */ = {isa = PBXBuildFile; fileRef = 2C5E11F5253FDFD1005AE0D5 /* QWeatherNowWeatherView.m */; };
		2C5E120A253FDFEC005AE0D5 /* QWeatherCityManagerCell.m in Sources */ = {isa = PBXBuildFile; fileRef = 2C5E1209253FDFEC005AE0D5 /* QWeatherCityManagerCell.m */; };
		2C5E121B253FDFFE005AE0D5 /* QWeatherTodayWeatherAQIView.m in Sources */ = {isa = PBXBuildFile; fileRef = 2C5E1211253FDFFE005AE0D5 /* QWeatherTodayWeatherAQIView.m */; };
		2C5E121C253FDFFE005AE0D5 /* QWeatherTodayWeatherMoonRiseView.m in Sources */ = {isa = PBXBuildFile; fileRef = 2C5E1213253FDFFE005AE0D5 /* QWeatherTodayWeatherMoonRiseView.m */; };
		2C5E121D253FDFFE005AE0D5 /* QWeatherTodayWeatherView.m in Sources */ = {isa = PBXBuildFile; fileRef = 2C5E1216253FDFFE005AE0D5 /* QWeatherTodayWeatherView.m */; };
		2C5E121E253FDFFE005AE0D5 /* QWeatherTodayWeatherMoonRiseCurveView.m in Sources */ = {isa = PBXBuildFile; fileRef = 2C5E1219253FDFFE005AE0D5 /* QWeatherTodayWeatherMoonRiseCurveView.m */; };
		2C5E121F253FDFFE005AE0D5 /* QWeatherTodayWeatherItemView.m in Sources */ = {isa = PBXBuildFile; fileRef = 2C5E121A253FDFFE005AE0D5 /* QWeatherTodayWeatherItemView.m */; };
		2C5E1229253FE015005AE0D5 /* QWeatherSearchBarView.m in Sources */ = {isa = PBXBuildFile; fileRef = 2C5E1223253FE015005AE0D5 /* QWeatherSearchBarView.m */; };
		2C5E122A253FE015005AE0D5 /* QWeatherCollectionCityCell.m in Sources */ = {isa = PBXBuildFile; fileRef = 2C5E1226253FE015005AE0D5 /* QWeatherCollectionCityCell.m */; };
		2C5E122B253FE015005AE0D5 /* QWeatherSearchCell.m in Sources */ = {isa = PBXBuildFile; fileRef = 2C5E1227253FE015005AE0D5 /* QWeatherSearchCell.m */; };
		2C5E1234253FE082005AE0D5 /* QWeatherTool.m in Sources */ = {isa = PBXBuildFile; fileRef = 2C5E1232253FE082005AE0D5 /* QWeatherTool.m */; };
		2C5E1265253FE211005AE0D5 /* QWeatherModel.m in Sources */ = {isa = PBXBuildFile; fileRef = 2C5E1264253FE211005AE0D5 /* QWeatherModel.m */; };
		590AC966073D037CDCB36224 /* libPods-OpenWeatherPlusTests.a in Frameworks */ = {isa = PBXBuildFile; fileRef = 56915BB9650C4810844EB00B /* libPods-OpenWeatherPlusTests.a */; };
		8705B4FF225B40AB000903A8 /* InfoPlist.strings in Resources */ = {isa = PBXBuildFile; fileRef = 8705B501225B40AB000903A8 /* InfoPlist.strings */; };
		870BF95C225D84EC00C9CF77 /* OpenWeatherPlusTests.m in Sources */ = {isa = PBXBuildFile; fileRef = 870BF95B225D84EC00C9CF77 /* OpenWeatherPlusTests.m */; };
		870BF95E225D858400C9CF77 /* OpenWeatherPlusUITests.m in Sources */ = {isa = PBXBuildFile; fileRef = 870BF95D225D858400C9CF77 /* OpenWeatherPlusUITests.m */; };
		873DA15F224C8AAC00F8FC1E /* Assets.xcassets in Resources */ = {isa = PBXBuildFile; fileRef = 873DA15E224C8AAC00F8FC1E /* Assets.xcassets */; };
		874C230724B5C38F00EDB9B4 /* AppDelegate.m in Sources */ = {isa = PBXBuildFile; fileRef = 874C227E24B5C38D00EDB9B4 /* AppDelegate.m */; };
		874C231224B5C38F00EDB9B4 /* ImagesDownloadManager.m in Sources */ = {isa = PBXBuildFile; fileRef = 874C229624B5C38E00EDB9B4 /* ImagesDownloadManager.m */; };
		874C232C24B5C38F00EDB9B4 /* LICENSE in Resources */ = {isa = PBXBuildFile; fileRef = 874C22CF24B5C38E00EDB9B4 /* LICENSE */; };
		874C232D24B5C38F00EDB9B4 /* README.md in Resources */ = {isa = PBXBuildFile; fileRef = 874C22D024B5C38E00EDB9B4 /* README.md */; };
		874C232E24B5C38F00EDB9B4 /* SDWebImageManager.m in Sources */ = {isa = PBXBuildFile; fileRef = 874C22D424B5C38E00EDB9B4 /* SDWebImageManager.m */; };
		874C232F24B5C38F00EDB9B4 /* SDWebImageDecoder.m in Sources */ = {isa = PBXBuildFile; fileRef = 874C22D524B5C38E00EDB9B4 /* SDWebImageDecoder.m */; };
		874C233024B5C38F00EDB9B4 /* UIImageView+HighlightedWebCache.m in Sources */ = {isa = PBXBuildFile; fileRef = 874C22D724B5C38E00EDB9B4 /* UIImageView+HighlightedWebCache.m */; };
		874C233124B5C38F00EDB9B4 /* SDWebImageDownloader.m in Sources */ = {isa = PBXBuildFile; fileRef = 874C22D924B5C38E00EDB9B4 /* SDWebImageDownloader.m */; };
		874C233224B5C38F00EDB9B4 /* UIImage+GIF.m in Sources */ = {isa = PBXBuildFile; fileRef = 874C22DA24B5C38E00EDB9B4 /* UIImage+GIF.m */; };
		874C233324B5C38F00EDB9B4 /* UIImage+MultiFormat.m in Sources */ = {isa = PBXBuildFile; fileRef = 874C22DC24B5C38E00EDB9B4 /* UIImage+MultiFormat.m */; };
		874C233424B5C38F00EDB9B4 /* SDWebImageCompat.m in Sources */ = {isa = PBXBuildFile; fileRef = 874C22DD24B5C38E00EDB9B4 /* SDWebImageCompat.m */; };
		874C233524B5C38F00EDB9B4 /* SDWebImagePrefetcher.m in Sources */ = {isa = PBXBuildFile; fileRef = 874C22DE24B5C38E00EDB9B4 /* SDWebImagePrefetcher.m */; };
		874C233624B5C38F00EDB9B4 /* SDImageCache.m in Sources */ = {isa = PBXBuildFile; fileRef = 874C22E024B5C38E00EDB9B4 /* SDImageCache.m */; };
		874C233724B5C38F00EDB9B4 /* SDWebImageDownloaderOperation.m in Sources */ = {isa = PBXBuildFile; fileRef = 874C22E224B5C38E00EDB9B4 /* SDWebImageDownloaderOperation.m */; };
		874C233824B5C38F00EDB9B4 /* NSData+ImageContentType.m in Sources */ = {isa = PBXBuildFile; fileRef = 874C22E524B5C38E00EDB9B4 /* NSData+ImageContentType.m */; };
		874C233924B5C38F00EDB9B4 /* UIImageView+WebCache.m in Sources */ = {isa = PBXBuildFile; fileRef = 874C22E624B5C38E00EDB9B4 /* UIImageView+WebCache.m */; };
		874C233A24B5C38F00EDB9B4 /* UIView+WebCacheOperation.m in Sources */ = {isa = PBXBuildFile; fileRef = 874C22E924B5C38E00EDB9B4 /* UIView+WebCacheOperation.m */; };
		874C233B24B5C38F00EDB9B4 /* UIButton+WebCache.m in Sources */ = {isa = PBXBuildFile; fileRef = 874C22ED24B5C38E00EDB9B4 /* UIButton+WebCache.m */; };
		87D44D982254A5AB0060BB6F /* hefeng_refresh.gif in Resources */ = {isa = PBXBuildFile; fileRef = 87D44D972254A5AB0060BB6F /* hefeng_refresh.gif */; };
		87DB8DEF224A233C00A4ACFC /* LaunchScreen.storyboard in Resources */ = {isa = PBXBuildFile; fileRef = 87DB8DED224A233C00A4ACFC /* LaunchScreen.storyboard */; };
		87DB8DF2224A233C00A4ACFC /* main.m in Sources */ = {isa = PBXBuildFile; fileRef = 87DB8DF1224A233C00A4ACFC /* main.m */; };
		87DB8E95224A250B00A4ACFC /* Localizable.strings in Resources */ = {isa = PBXBuildFile; fileRef = 87DB8E8D224A250B00A4ACFC /* Localizable.strings */; };
		8F0DA026E046938480EB68DB /* libPods-OpenWeatherPlus.a in Frameworks */ = {isa = PBXBuildFile; fileRef = 4B90599F87F3726BDD250284 /* libPods-OpenWeatherPlus.a */; };
		DC5CFFEDF8BD65DA7FF6EF4D /* libPods-OpenWeatherPlusUITests.a in Frameworks */ = {isa = PBXBuildFile; fileRef = 1722BFD37AE0C2E07AF5AF79 /* libPods-OpenWeatherPlusUITests.a */; };
/* End PBXBuildFile section */

/* Begin PBXContainerItemProxy section */
		87DB8DF8224A233C00A4ACFC /* PBXContainerItemProxy */ = {
			isa = PBXContainerItemProxy;
			containerPortal = 87DB8DD7224A233A00A4ACFC /* Project object */;
			proxyType = 1;
			remoteGlobalIDString = 87DB8DDE224A233A00A4ACFC;
			remoteInfo = OpenWeatherPlus;
		};
		87DB8E03224A233C00A4ACFC /* PBXContainerItemProxy */ = {
			isa = PBXContainerItemProxy;
			containerPortal = 87DB8DD7224A233A00A4ACFC /* Project object */;
			proxyType = 1;
			remoteGlobalIDString = 87DB8DDE224A233A00A4ACFC;
			remoteInfo = OpenWeatherPlus;
		};
/* End PBXContainerItemProxy section */

/* Begin PBXFileReference section */
		1722BFD37AE0C2E07AF5AF79 /* libPods-OpenWeatherPlusUITests.a */ = {isa = PBXFileReference; explicitFileType = archive.ar; includeInIndex = 0; path = "libPods-OpenWeatherPlusUITests.a"; sourceTree = BUILT_PRODUCTS_DIR; };
		277AC768FCA483F622850442 /* Pods-OpenWeatherPlus.debug.xcconfig */ = {isa = PBXFileReference; includeInIndex = 1; lastKnownFileType = text.xcconfig; name = "Pods-OpenWeatherPlus.debug.xcconfig"; path = "Pods/Target Support Files/Pods-OpenWeatherPlus/Pods-OpenWeatherPlus.debug.xcconfig"; sourceTree = "<group>"; };
		2C5E1167253FDA10005AE0D5 /* QWeather.framework */ = {isa = PBXFileReference; lastKnownFileType = wrapper.framework; path = QWeather.framework; sourceTree = "<group>"; };
		2C5E1194253FDEBE005AE0D5 /* QWeatherBaseTextField.m */ = {isa = PBXFileReference; fileEncoding = 4; lastKnownFileType = sourcecode.c.objc; path = QWeatherBaseTextField.m; sourceTree = "<group>"; };
		2C5E1195253FDEBE005AE0D5 /* QWeatherBaseView.m */ = {isa = PBXFileReference; fileEncoding = 4; lastKnownFileType = sourcecode.c.objc; path = QWeatherBaseView.m; sourceTree = "<group>"; };
		2C5E1196253FDEBE005AE0D5 /* QWeatherBaseViewController.h */ = {isa = PBXFileReference; fileEncoding = 4; lastKnownFileType = sourcecode.c.h; path = QWeatherBaseViewController.h; sourceTree = "<group>"; };
		2C5E1197253FDEBE005AE0D5 /* QWeatherBaseButton.m */ = {isa = PBXFileReference; fileEncoding = 4; lastKnownFileType = sourcecode.c.objc; path = QWeatherBaseButton.m; sourceTree = "<group>"; };
		2C5E1198253FDEBE005AE0D5 /* QWeatherBaseViewController.m */ = {isa = PBXFileReference; fileEncoding = 4; lastKnownFileType = sourcecode.c.objc; path = QWeatherBaseViewController.m; sourceTree = "<group>"; };
		2C5E119A253FDEBE005AE0D5 /* QWeatherBaseTextField.h */ = {isa = PBXFileReference; fileEncoding = 4; lastKnownFileType = sourcecode.c.h; path = QWeatherBaseTextField.h; sourceTree = "<group>"; };
		2C5E119B253FDEBE005AE0D5 /* QWeatherBaseLabel.h */ = {isa = PBXFileReference; fileEncoding = 4; lastKnownFileType = sourcecode.c.h; path = QWeatherBaseLabel.h; sourceTree = "<group>"; };
		2C5E119C253FDEBE005AE0D5 /* QWeatherBaseNavigationViewController.m */ = {isa = PBXFileReference; fileEncoding = 4; lastKnownFileType = sourcecode.c.objc; path = QWeatherBaseNavigationViewController.m; sourceTree = "<group>"; };
		2C5E119D253FDEBE005AE0D5 /* QWeatherBaseLabel.m */ = {isa = PBXFileReference; fileEncoding = 4; lastKnownFileType = sourcecode.c.objc; path = QWeatherBaseLabel.m; sourceTree = "<group>"; };
		2C5E119E253FDEBE005AE0D5 /* QWeatherBaseView.h */ = {isa = PBXFileReference; fileEncoding = 4; lastKnownFileType = sourcecode.c.h; path = QWeatherBaseView.h; sourceTree = "<group>"; };
		2C5E119F253FDEBE005AE0D5 /* QWeatherBaseNavigationViewController.h */ = {isa = PBXFileReference; fileEncoding = 4; lastKnownFileType = sourcecode.c.h; path = QWeatherBaseNavigationViewController.h; sourceTree = "<group>"; };
		2C5E11A0253FDEBF005AE0D5 /* QWeatherBaseButton.h */ = {isa = PBXFileReference; fileEncoding = 4; lastKnownFileType = sourcecode.c.h; path = QWeatherBaseButton.h; sourceTree = "<group>"; };
		2C5E11AC253FDEF5005AE0D5 /* UIBezierPath+QWeatherPath.m */ = {isa = PBXFileReference; fileEncoding = 4; lastKnownFileType = sourcecode.c.objc; path = "UIBezierPath+QWeatherPath.m"; sourceTree = "<group>"; };
		2C5E11AD253FDEF5005AE0D5 /* UIBezierPath+QWeatherPath.h */ = {isa = PBXFileReference; fileEncoding = 4; lastKnownFileType = sourcecode.c.h; path = "UIBezierPath+QWeatherPath.h"; sourceTree = "<group>"; };
		2C5E11B3253FDF62005AE0D5 /* QWeatherRequest.h */ = {isa = PBXFileReference; fileEncoding = 4; lastKnownFileType = sourcecode.c.h; path = QWeatherRequest.h; sourceTree = "<group>"; };
		2C5E11B5253FDF62005AE0D5 /* QWeatherDataManager.m */ = {isa = PBXFileReference; fileEncoding = 4; lastKnownFileType = sourcecode.c.objc; path = QWeatherDataManager.m; sourceTree = "<group>"; };
		2C5E11B6253FDF62005AE0D5 /* QWeatherDataManager.h */ = {isa = PBXFileReference; fileEncoding = 4; lastKnownFileType = sourcecode.c.h; path = QWeatherDataManager.h; sourceTree = "<group>"; };
		2C5E11B7253FDF62005AE0D5 /* QWeatherRequest.m */ = {isa = PBXFileReference; fileEncoding = 4; lastKnownFileType = sourcecode.c.objc; path = QWeatherRequest.m; sourceTree = "<group>"; };
		2C5E11BE253FDF8C005AE0D5 /* QWeatherSettingViewController.h */ = {isa = PBXFileReference; fileEncoding = 4; lastKnownFileType = sourcecode.c.h; path = QWeatherSettingViewController.h; sourceTree = "<group>"; };
		2C5E11BF253FDF8C005AE0D5 /* QWeatherHomeViewController.m */ = {isa = PBXFileReference; fileEncoding = 4; lastKnownFileType = sourcecode.c.objc; path = QWeatherHomeViewController.m; sourceTree = "<group>"; };
		2C5E11C0253FDF8C005AE0D5 /* QWeatherCityManagerViewController.h */ = {isa = PBXFileReference; fileEncoding = 4; lastKnownFileType = sourcecode.c.h; path = QWeatherCityManagerViewController.h; sourceTree = "<group>"; };
		2C5E11C1253FDF8C005AE0D5 /* QWeatherAboutViewController.h */ = {isa = PBXFileReference; fileEncoding = 4; lastKnownFileType = sourcecode.c.h; path = QWeatherAboutViewController.h; sourceTree = "<group>"; };
		2C5E11C2253FDF8C005AE0D5 /* QWeatherAboutViewController.m */ = {isa = PBXFileReference; fileEncoding = 4; lastKnownFileType = sourcecode.c.objc; path = QWeatherAboutViewController.m; sourceTree = "<group>"; };
		2C5E11C3253FDF8C005AE0D5 /* QWeatherAuthorityViewController.h */ = {isa = PBXFileReference; fileEncoding = 4; lastKnownFileType = sourcecode.c.h; path = QWeatherAuthorityViewController.h; sourceTree = "<group>"; };
		2C5E11C4253FDF8C005AE0D5 /* QWeatherCityManagerViewController.m */ = {isa = PBXFileReference; fileEncoding = 4; lastKnownFileType = sourcecode.c.objc; path = QWeatherCityManagerViewController.m; sourceTree = "<group>"; };
		2C5E11C5253FDF8C005AE0D5 /* QWeatherSearchViewController.h */ = {isa = PBXFileReference; fileEncoding = 4; lastKnownFileType = sourcecode.c.h; path = QWeatherSearchViewController.h; sourceTree = "<group>"; };
		2C5E11C6253FDF8C005AE0D5 /* QWeatherAuthorityViewController.m */ = {isa = PBXFileReference; fileEncoding = 4; lastKnownFileType = sourcecode.c.objc; path = QWeatherAuthorityViewController.m; sourceTree = "<group>"; };
		2C5E11C7253FDF8C005AE0D5 /* QWeatherSearchViewController.m */ = {isa = PBXFileReference; fileEncoding = 4; lastKnownFileType = sourcecode.c.objc; path = QWeatherSearchViewController.m; sourceTree = "<group>"; };
		2C5E11C8253FDF8D005AE0D5 /* QWeatherHomeViewController.h */ = {isa = PBXFileReference; fileEncoding = 4; lastKnownFileType = sourcecode.c.h; path = QWeatherHomeViewController.h; sourceTree = "<group>"; };
		2C5E11C9253FDF8D005AE0D5 /* QWeatherSettingViewController.m */ = {isa = PBXFileReference; fileEncoding = 4; lastKnownFileType = sourcecode.c.objc; path = QWeatherSettingViewController.m; sourceTree = "<group>"; };
		2C5E11D3253FDFA2005AE0D5 /* QWeatherSettingModel.h */ = {isa = PBXFileReference; fileEncoding = 4; lastKnownFileType = sourcecode.c.h; path = QWeatherSettingModel.h; sourceTree = "<group>"; };
		2C5E11D4253FDFA2005AE0D5 /* QWeatherHomeTabelViewDataModel.h */ = {isa = PBXFileReference; fileEncoding = 4; lastKnownFileType = sourcecode.c.h; path = QWeatherHomeTabelViewDataModel.h; sourceTree = "<group>"; };
		2C5E11D5253FDFA2005AE0D5 /* QWeatherHomeTabelViewDataModel.m */ = {isa = PBXFileReference; fileEncoding = 4; lastKnownFileType = sourcecode.c.objc; path = QWeatherHomeTabelViewDataModel.m; sourceTree = "<group>"; };
		2C5E11D6253FDFA2005AE0D5 /* QWeatherSettingModel.m */ = {isa = PBXFileReference; fileEncoding = 4; lastKnownFileType = sourcecode.c.objc; path = QWeatherSettingModel.m; sourceTree = "<group>"; };
		2C5E11DC253FDFD0005AE0D5 /* QWeatherDayWeatherRowView.h */ = {isa = PBXFileReference; fileEncoding = 4; lastKnownFileType = sourcecode.c.h; path = QWeatherDayWeatherRowView.h; sourceTree = "<group>"; };
		2C5E11DD253FDFD0005AE0D5 /* QWeatherHourlyImageView.h */ = {isa = PBXFileReference; fileEncoding = 4; lastKnownFileType = sourcecode.c.h; path = QWeatherHourlyImageView.h; sourceTree = "<group>"; };
		2C5E11DE253FDFD0005AE0D5 /* QWeatherInstructionView.h */ = {isa = PBXFileReference; fileEncoding = 4; lastKnownFileType = sourcecode.c.h; path = QWeatherInstructionView.h; sourceTree = "<group>"; };
		2C5E11DF253FDFD0005AE0D5 /* QWeatherHomeNavView.h */ = {isa = PBXFileReference; fileEncoding = 4; lastKnownFileType = sourcecode.c.h; path = QWeatherHomeNavView.h; sourceTree = "<group>"; };
		2C5E11E0253FDFD1005AE0D5 /* QWeatherHourlyLineImagesView.h */ = {isa = PBXFileReference; fileEncoding = 4; lastKnownFileType = sourcecode.c.h; path = QWeatherHourlyLineImagesView.h; sourceTree = "<group>"; };
		2C5E11E1253FDFD1005AE0D5 /* QWeatherHomeNavView.m */ = {isa = PBXFileReference; fileEncoding = 4; lastKnownFileType = sourcecode.c.objc; path = QWeatherHomeNavView.m; sourceTree = "<group>"; };
		2C5E11E2253FDFD1005AE0D5 /* QWeatherHourlyWeatherView.h */ = {isa = PBXFileReference; fileEncoding = 4; lastKnownFileType = sourcecode.c.h; path = QWeatherHourlyWeatherView.h; sourceTree = "<group>"; };
		2C5E11E3253FDFD1005AE0D5 /* QWeatherHomeScrollView.h */ = {isa = PBXFileReference; fileEncoding = 4; lastKnownFileType = sourcecode.c.h; path = QWeatherHomeScrollView.h; sourceTree = "<group>"; };
		2C5E11E4253FDFD1005AE0D5 /* QWeatherHourlyLineView.h */ = {isa = PBXFileReference; fileEncoding = 4; lastKnownFileType = sourcecode.c.h; path = QWeatherHourlyLineView.h; sourceTree = "<group>"; };
		2C5E11E5253FDFD1005AE0D5 /* QWeatherHomeScrollView.m */ = {isa = PBXFileReference; fileEncoding = 4; lastKnownFileType = sourcecode.c.objc; path = QWeatherHomeScrollView.m; sourceTree = "<group>"; };
		2C5E11E6253FDFD1005AE0D5 /* QWeatherHomeCollectionViewCell.h */ = {isa = PBXFileReference; fileEncoding = 4; lastKnownFileType = sourcecode.c.h; path = QWeatherHomeCollectionViewCell.h; sourceTree = "<group>"; };
		2C5E11E7253FDFD1005AE0D5 /* QWeatherInstructionView.m */ = {isa = PBXFileReference; fileEncoding = 4; lastKnownFileType = sourcecode.c.objc; path = QWeatherInstructionView.m; sourceTree = "<group>"; };
		2C5E11E8253FDFD1005AE0D5 /* QWeatherHourlyLineView.m */ = {isa = PBXFileReference; fileEncoding = 4; lastKnownFileType = sourcecode.c.objc; path = QWeatherHourlyLineView.m; sourceTree = "<group>"; };
		2C5E11E9253FDFD1005AE0D5 /* QWeatherHourlyImageView.m */ = {isa = PBXFileReference; fileEncoding = 4; lastKnownFileType = sourcecode.c.objc; path = QWeatherHourlyImageView.m; sourceTree = "<group>"; };
		2C5E11EA253FDFD1005AE0D5 /* QWeatherHomeCollectionViewCell.xib */ = {isa = PBXFileReference; fileEncoding = 4; lastKnownFileType = file.xib; path = QWeatherHomeCollectionViewCell.xib; sourceTree = "<group>"; };
		2C5E11EB253FDFD1005AE0D5 /* QWeatherDayWeatherRowView.m */ = {isa = PBXFileReference; fileEncoding = 4; lastKnownFileType = sourcecode.c.objc; path = QWeatherDayWeatherRowView.m; sourceTree = "<group>"; };
		2C5E11EC253FDFD1005AE0D5 /* QWeatherWaterWaveView.m */ = {isa = PBXFileReference; fileEncoding = 4; lastKnownFileType = sourcecode.c.objc; path = QWeatherWaterWaveView.m; sourceTree = "<group>"; };
		2C5E11ED253FDFD1005AE0D5 /* QWeatherDayWeatherView.m */ = {isa = PBXFileReference; fileEncoding = 4; lastKnownFileType = sourcecode.c.objc; path = QWeatherDayWeatherView.m; sourceTree = "<group>"; };
		2C5E11EE253FDFD1005AE0D5 /* QWeatherHourlyLineImagesView.m */ = {isa = PBXFileReference; fileEncoding = 4; lastKnownFileType = sourcecode.c.objc; path = QWeatherHourlyLineImagesView.m; sourceTree = "<group>"; };
		2C5E11EF253FDFD1005AE0D5 /* QWeatherWaterWaveView.h */ = {isa = PBXFileReference; fileEncoding = 4; lastKnownFileType = sourcecode.c.h; path = QWeatherWaterWaveView.h; sourceTree = "<group>"; };
		2C5E11F0253FDFD1005AE0D5 /* QWeatherHomeCollectionViewCell.m */ = {isa = PBXFileReference; fileEncoding = 4; lastKnownFileType = sourcecode.c.objc; path = QWeatherHomeCollectionViewCell.m; sourceTree = "<group>"; };
		2C5E11F1253FDFD1005AE0D5 /* QWeatherRefreshHeader.h */ = {isa = PBXFileReference; fileEncoding = 4; lastKnownFileType = sourcecode.c.h; path = QWeatherRefreshHeader.h; sourceTree = "<group>"; };
		2C5E11F2253FDFD1005AE0D5 /* QWeatherNowWeatherView.h */ = {isa = PBXFileReference; fileEncoding = 4; lastKnownFileType = sourcecode.c.h; path = QWeatherNowWeatherView.h; sourceTree = "<group>"; };
		2C5E11F3253FDFD1005AE0D5 /* QWeatherHourlyWeatherView.m */ = {isa = PBXFileReference; fileEncoding = 4; lastKnownFileType = sourcecode.c.objc; path = QWeatherHourlyWeatherView.m; sourceTree = "<group>"; };
		2C5E11F4253FDFD1005AE0D5 /* QWeatherRefreshHeader.m */ = {isa = PBXFileReference; fileEncoding = 4; lastKnownFileType = sourcecode.c.objc; path = QWeatherRefreshHeader.m; sourceTree = "<group>"; };
		2C5E11F5253FDFD1005AE0D5 /* QWeatherNowWeatherView.m */ = {isa = PBXFileReference; fileEncoding = 4; lastKnownFileType = sourcecode.c.objc; path = QWeatherNowWeatherView.m; sourceTree = "<group>"; };
		2C5E11F6253FDFD1005AE0D5 /* QWeatherDayWeatherView.h */ = {isa = PBXFileReference; fileEncoding = 4; lastKnownFileType = sourcecode.c.h; path = QWeatherDayWeatherView.h; sourceTree = "<group>"; };
		2C5E1208253FDFEC005AE0D5 /* QWeatherCityManagerCell.h */ = {isa = PBXFileReference; fileEncoding = 4; lastKnownFileType = sourcecode.c.h; path = QWeatherCityManagerCell.h; sourceTree = "<group>"; };
		2C5E1209253FDFEC005AE0D5 /* QWeatherCityManagerCell.m */ = {isa = PBXFileReference; fileEncoding = 4; lastKnownFileType = sourcecode.c.objc; path = QWeatherCityManagerCell.m; sourceTree = "<group>"; };
		2C5E1211253FDFFE005AE0D5 /* QWeatherTodayWeatherAQIView.m */ = {isa = PBXFileReference; fileEncoding = 4; lastKnownFileType = sourcecode.c.objc; path = QWeatherTodayWeatherAQIView.m; sourceTree = "<group>"; };
		2C5E1212253FDFFE005AE0D5 /* QWeatherTodayWeatherAQIView.h */ = {isa = PBXFileReference; fileEncoding = 4; lastKnownFileType = sourcecode.c.h; path = QWeatherTodayWeatherAQIView.h; sourceTree = "<group>"; };
		2C5E1213253FDFFE005AE0D5 /* QWeatherTodayWeatherMoonRiseView.m */ = {isa = PBXFileReference; fileEncoding = 4; lastKnownFileType = sourcecode.c.objc; path = QWeatherTodayWeatherMoonRiseView.m; sourceTree = "<group>"; };
		2C5E1214253FDFFE005AE0D5 /* QWeatherTodayWeatherView.h */ = {isa = PBXFileReference; fileEncoding = 4; lastKnownFileType = sourcecode.c.h; path = QWeatherTodayWeatherView.h; sourceTree = "<group>"; };
		2C5E1215253FDFFE005AE0D5 /* QWeatherTodayWeatherMoonRiseView.h */ = {isa = PBXFileReference; fileEncoding = 4; lastKnownFileType = sourcecode.c.h; path = QWeatherTodayWeatherMoonRiseView.h; sourceTree = "<group>"; };
		2C5E1216253FDFFE005AE0D5 /* QWeatherTodayWeatherView.m */ = {isa = PBXFileReference; fileEncoding = 4; lastKnownFileType = sourcecode.c.objc; path = QWeatherTodayWeatherView.m; sourceTree = "<group>"; };
		2C5E1217253FDFFE005AE0D5 /* QWeatherTodayWeatherItemView.h */ = {isa = PBXFileReference; fileEncoding = 4; lastKnownFileType = sourcecode.c.h; path = QWeatherTodayWeatherItemView.h; sourceTree = "<group>"; };
		2C5E1218253FDFFE005AE0D5 /* QWeatherTodayWeatherMoonRiseCurveView.h */ = {isa = PBXFileReference; fileEncoding = 4; lastKnownFileType = sourcecode.c.h; path = QWeatherTodayWeatherMoonRiseCurveView.h; sourceTree = "<group>"; };
		2C5E1219253FDFFE005AE0D5 /* QWeatherTodayWeatherMoonRiseCurveView.m */ = {isa = PBXFileReference; fileEncoding = 4; lastKnownFileType = sourcecode.c.objc; path = QWeatherTodayWeatherMoonRiseCurveView.m; sourceTree = "<group>"; };
		2C5E121A253FDFFE005AE0D5 /* QWeatherTodayWeatherItemView.m */ = {isa = PBXFileReference; fileEncoding = 4; lastKnownFileType = sourcecode.c.objc; path = QWeatherTodayWeatherItemView.m; sourceTree = "<group>"; };
		2C5E1223253FE015005AE0D5 /* QWeatherSearchBarView.m */ = {isa = PBXFileReference; fileEncoding = 4; lastKnownFileType = sourcecode.c.objc; path = QWeatherSearchBarView.m; sourceTree = "<group>"; };
		2C5E1224253FE015005AE0D5 /* QWeatherCollectionCityCell.h */ = {isa = PBXFileReference; fileEncoding = 4; lastKnownFileType = sourcecode.c.h; path = QWeatherCollectionCityCell.h; sourceTree = "<group>"; };
		2C5E1225253FE015005AE0D5 /* QWeatherSearchCell.h */ = {isa = PBXFileReference; fileEncoding = 4; lastKnownFileType = sourcecode.c.h; path = QWeatherSearchCell.h; sourceTree = "<group>"; };
		2C5E1226253FE015005AE0D5 /* QWeatherCollectionCityCell.m */ = {isa = PBXFileReference; fileEncoding = 4; lastKnownFileType = sourcecode.c.objc; path = QWeatherCollectionCityCell.m; sourceTree = "<group>"; };
		2C5E1227253FE015005AE0D5 /* QWeatherSearchCell.m */ = {isa = PBXFileReference; fileEncoding = 4; lastKnownFileType = sourcecode.c.objc; path = QWeatherSearchCell.m; sourceTree = "<group>"; };
		2C5E1228253FE015005AE0D5 /* QWeatherSearchBarView.h */ = {isa = PBXFileReference; fileEncoding = 4; lastKnownFileType = sourcecode.c.h; path = QWeatherSearchBarView.h; sourceTree = "<group>"; };
		2C5E1232253FE082005AE0D5 /* QWeatherTool.m */ = {isa = PBXFileReference; fileEncoding = 4; lastKnownFileType = sourcecode.c.objc; path = QWeatherTool.m; sourceTree = "<group>"; };
		2C5E1233253FE082005AE0D5 /* QWeatherTool.h */ = {isa = PBXFileReference; fileEncoding = 4; lastKnownFileType = sourcecode.c.h; path = QWeatherTool.h; sourceTree = "<group>"; };
		2C5E1263253FE211005AE0D5 /* QWeatherModel.h */ = {isa = PBXFileReference; fileEncoding = 4; lastKnownFileType = sourcecode.c.h; path = QWeatherModel.h; sourceTree = "<group>"; };
		2C5E1264253FE211005AE0D5 /* QWeatherModel.m */ = {isa = PBXFileReference; fileEncoding = 4; lastKnownFileType = sourcecode.c.objc; path = QWeatherModel.m; sourceTree = "<group>"; };
		2DE4834B23E5B43D0725F3A6 /* Pods-OpenWeatherPlusUITests.release.xcconfig */ = {isa = PBXFileReference; includeInIndex = 1; lastKnownFileType = text.xcconfig; name = "Pods-OpenWeatherPlusUITests.release.xcconfig"; path = "Pods/Target Support Files/Pods-OpenWeatherPlusUITests/Pods-OpenWeatherPlusUITests.release.xcconfig"; sourceTree = "<group>"; };
		4B90599F87F3726BDD250284 /* libPods-OpenWeatherPlus.a */ = {isa = PBXFileReference; explicitFileType = archive.ar; includeInIndex = 0; path = "libPods-OpenWeatherPlus.a"; sourceTree = BUILT_PRODUCTS_DIR; };
		56915BB9650C4810844EB00B /* libPods-OpenWeatherPlusTests.a */ = {isa = PBXFileReference; explicitFileType = archive.ar; includeInIndex = 0; path = "libPods-OpenWeatherPlusTests.a"; sourceTree = BUILT_PRODUCTS_DIR; };
		5D39C68B46F0BCD68FDEDE43 /* Pods-OpenWeatherPlusTests.release.xcconfig */ = {isa = PBXFileReference; includeInIndex = 1; lastKnownFileType = text.xcconfig; name = "Pods-OpenWeatherPlusTests.release.xcconfig"; path = "Pods/Target Support Files/Pods-OpenWeatherPlusTests/Pods-OpenWeatherPlusTests.release.xcconfig"; sourceTree = "<group>"; };
		6E7C8D1E97AC4C93FE3D5599 /* Pods-OpenWeatherPlus.release.xcconfig */ = {isa = PBXFileReference; includeInIndex = 1; lastKnownFileType = text.xcconfig; name = "Pods-OpenWeatherPlus.release.xcconfig"; path = "Pods/Target Support Files/Pods-OpenWeatherPlus/Pods-OpenWeatherPlus.release.xcconfig"; sourceTree = "<group>"; };
		8705B500225B40AB000903A8 /* en */ = {isa = PBXFileReference; lastKnownFileType = text.plist.strings; name = en; path = en.lproj/InfoPlist.strings; sourceTree = "<group>"; };
		8705B502225B40AF000903A8 /* zh-Hans */ = {isa = PBXFileReference; lastKnownFileType = text.plist.strings; name = "zh-Hans"; path = "zh-Hans.lproj/InfoPlist.strings"; sourceTree = "<group>"; };
		870BF95B225D84EC00C9CF77 /* OpenWeatherPlusTests.m */ = {isa = PBXFileReference; fileEncoding = 4; lastKnownFileType = sourcecode.c.objc; path = OpenWeatherPlusTests.m; sourceTree = "<group>"; };
		870BF95D225D858400C9CF77 /* OpenWeatherPlusUITests.m */ = {isa = PBXFileReference; fileEncoding = 4; lastKnownFileType = sourcecode.c.objc; path = OpenWeatherPlusUITests.m; sourceTree = "<group>"; };
		873DA15E224C8AAC00F8FC1E /* Assets.xcassets */ = {isa = PBXFileReference; lastKnownFileType = folder.assetcatalog; path = Assets.xcassets; sourceTree = "<group>"; };
		874C227C24B5C38D00EDB9B4 /* AppDelegate.h */ = {isa = PBXFileReference; fileEncoding = 4; lastKnownFileType = sourcecode.c.h; path = AppDelegate.h; sourceTree = "<group>"; };
		874C227E24B5C38D00EDB9B4 /* AppDelegate.m */ = {isa = PBXFileReference; fileEncoding = 4; lastKnownFileType = sourcecode.c.objc; path = AppDelegate.m; sourceTree = "<group>"; };
		874C228824B5C38E00EDB9B4 /* ImagesDownloadManager.h */ = {isa = PBXFileReference; fileEncoding = 4; lastKnownFileType = sourcecode.c.h; path = ImagesDownloadManager.h; sourceTree = "<group>"; };
		874C229624B5C38E00EDB9B4 /* ImagesDownloadManager.m */ = {isa = PBXFileReference; fileEncoding = 4; lastKnownFileType = sourcecode.c.objc; path = ImagesDownloadManager.m; sourceTree = "<group>"; };
		874C22CF24B5C38E00EDB9B4 /* LICENSE */ = {isa = PBXFileReference; fileEncoding = 4; lastKnownFileType = text; path = LICENSE; sourceTree = "<group>"; };
		874C22D024B5C38E00EDB9B4 /* README.md */ = {isa = PBXFileReference; fileEncoding = 4; lastKnownFileType = net.daringfireball.markdown; path = README.md; sourceTree = "<group>"; };
		874C22D224B5C38E00EDB9B4 /* UIImageView+WebCache.h */ = {isa = PBXFileReference; fileEncoding = 4; lastKnownFileType = sourcecode.c.h; path = "UIImageView+WebCache.h"; sourceTree = "<group>"; };
		874C22D324B5C38E00EDB9B4 /* NSData+ImageContentType.h */ = {isa = PBXFileReference; fileEncoding = 4; lastKnownFileType = sourcecode.c.h; path = "NSData+ImageContentType.h"; sourceTree = "<group>"; };
		874C22D424B5C38E00EDB9B4 /* SDWebImageManager.m */ = {isa = PBXFileReference; fileEncoding = 4; lastKnownFileType = sourcecode.c.objc; path = SDWebImageManager.m; sourceTree = "<group>"; };
		874C22D524B5C38E00EDB9B4 /* SDWebImageDecoder.m */ = {isa = PBXFileReference; fileEncoding = 4; lastKnownFileType = sourcecode.c.objc; path = SDWebImageDecoder.m; sourceTree = "<group>"; };
		874C22D624B5C38E00EDB9B4 /* SDWebImageDownloaderOperation.h */ = {isa = PBXFileReference; fileEncoding = 4; lastKnownFileType = sourcecode.c.h; path = SDWebImageDownloaderOperation.h; sourceTree = "<group>"; };
		874C22D724B5C38E00EDB9B4 /* UIImageView+HighlightedWebCache.m */ = {isa = PBXFileReference; fileEncoding = 4; lastKnownFileType = sourcecode.c.objc; path = "UIImageView+HighlightedWebCache.m"; sourceTree = "<group>"; };
		874C22D824B5C38E00EDB9B4 /* SDImageCache.h */ = {isa = PBXFileReference; fileEncoding = 4; lastKnownFileType = sourcecode.c.h; path = SDImageCache.h; sourceTree = "<group>"; };
		874C22D924B5C38E00EDB9B4 /* SDWebImageDownloader.m */ = {isa = PBXFileReference; fileEncoding = 4; lastKnownFileType = sourcecode.c.objc; path = SDWebImageDownloader.m; sourceTree = "<group>"; };
		874C22DA24B5C38E00EDB9B4 /* UIImage+GIF.m */ = {isa = PBXFileReference; fileEncoding = 4; lastKnownFileType = sourcecode.c.objc; path = "UIImage+GIF.m"; sourceTree = "<group>"; };
		874C22DB24B5C38E00EDB9B4 /* UIButton+WebCache.h */ = {isa = PBXFileReference; fileEncoding = 4; lastKnownFileType = sourcecode.c.h; path = "UIButton+WebCache.h"; sourceTree = "<group>"; };
		874C22DC24B5C38E00EDB9B4 /* UIImage+MultiFormat.m */ = {isa = PBXFileReference; fileEncoding = 4; lastKnownFileType = sourcecode.c.objc; path = "UIImage+MultiFormat.m"; sourceTree = "<group>"; };
		874C22DD24B5C38E00EDB9B4 /* SDWebImageCompat.m */ = {isa = PBXFileReference; fileEncoding = 4; lastKnownFileType = sourcecode.c.objc; path = SDWebImageCompat.m; sourceTree = "<group>"; };
		874C22DE24B5C38E00EDB9B4 /* SDWebImagePrefetcher.m */ = {isa = PBXFileReference; fileEncoding = 4; lastKnownFileType = sourcecode.c.objc; path = SDWebImagePrefetcher.m; sourceTree = "<group>"; };
		874C22DF24B5C38E00EDB9B4 /* UIView+WebCacheOperation.h */ = {isa = PBXFileReference; fileEncoding = 4; lastKnownFileType = sourcecode.c.h; path = "UIView+WebCacheOperation.h"; sourceTree = "<group>"; };
		874C22E024B5C38E00EDB9B4 /* SDImageCache.m */ = {isa = PBXFileReference; fileEncoding = 4; lastKnownFileType = sourcecode.c.objc; path = SDImageCache.m; sourceTree = "<group>"; };
		874C22E124B5C38E00EDB9B4 /* UIImageView+HighlightedWebCache.h */ = {isa = PBXFileReference; fileEncoding = 4; lastKnownFileType = sourcecode.c.h; path = "UIImageView+HighlightedWebCache.h"; sourceTree = "<group>"; };
		874C22E224B5C38E00EDB9B4 /* SDWebImageDownloaderOperation.m */ = {isa = PBXFileReference; fileEncoding = 4; lastKnownFileType = sourcecode.c.objc; path = SDWebImageDownloaderOperation.m; sourceTree = "<group>"; };
		874C22E324B5C38E00EDB9B4 /* SDWebImageDecoder.h */ = {isa = PBXFileReference; fileEncoding = 4; lastKnownFileType = sourcecode.c.h; path = SDWebImageDecoder.h; sourceTree = "<group>"; };
		874C22E424B5C38E00EDB9B4 /* SDWebImageManager.h */ = {isa = PBXFileReference; fileEncoding = 4; lastKnownFileType = sourcecode.c.h; path = SDWebImageManager.h; sourceTree = "<group>"; };
		874C22E524B5C38E00EDB9B4 /* NSData+ImageContentType.m */ = {isa = PBXFileReference; fileEncoding = 4; lastKnownFileType = sourcecode.c.objc; path = "NSData+ImageContentType.m"; sourceTree = "<group>"; };
		874C22E624B5C38E00EDB9B4 /* UIImageView+WebCache.m */ = {isa = PBXFileReference; fileEncoding = 4; lastKnownFileType = sourcecode.c.objc; path = "UIImageView+WebCache.m"; sourceTree = "<group>"; };
		874C22E724B5C38E00EDB9B4 /* SDWebImageOperation.h */ = {isa = PBXFileReference; fileEncoding = 4; lastKnownFileType = sourcecode.c.h; path = SDWebImageOperation.h; sourceTree = "<group>"; };
		874C22E824B5C38E00EDB9B4 /* SDWebImageDownloader.h */ = {isa = PBXFileReference; fileEncoding = 4; lastKnownFileType = sourcecode.c.h; path = SDWebImageDownloader.h; sourceTree = "<group>"; };
		874C22E924B5C38E00EDB9B4 /* UIView+WebCacheOperation.m */ = {isa = PBXFileReference; fileEncoding = 4; lastKnownFileType = sourcecode.c.objc; path = "UIView+WebCacheOperation.m"; sourceTree = "<group>"; };
		874C22EA24B5C38E00EDB9B4 /* SDWebImagePrefetcher.h */ = {isa = PBXFileReference; fileEncoding = 4; lastKnownFileType = sourcecode.c.h; path = SDWebImagePrefetcher.h; sourceTree = "<group>"; };
		874C22EB24B5C38E00EDB9B4 /* SDWebImageCompat.h */ = {isa = PBXFileReference; fileEncoding = 4; lastKnownFileType = sourcecode.c.h; path = SDWebImageCompat.h; sourceTree = "<group>"; };
		874C22EC24B5C38E00EDB9B4 /* UIImage+MultiFormat.h */ = {isa = PBXFileReference; fileEncoding = 4; lastKnownFileType = sourcecode.c.h; path = "UIImage+MultiFormat.h"; sourceTree = "<group>"; };
		874C22ED24B5C38E00EDB9B4 /* UIButton+WebCache.m */ = {isa = PBXFileReference; fileEncoding = 4; lastKnownFileType = sourcecode.c.objc; path = "UIButton+WebCache.m"; sourceTree = "<group>"; };
		874C22EE24B5C38E00EDB9B4 /* UIImage+GIF.h */ = {isa = PBXFileReference; fileEncoding = 4; lastKnownFileType = sourcecode.c.h; path = "UIImage+GIF.h"; sourceTree = "<group>"; };
		874C22F024B5C38E00EDB9B4 /* UtilsMacros.h */ = {isa = PBXFileReference; fileEncoding = 4; lastKnownFileType = sourcecode.c.h; path = UtilsMacros.h; sourceTree = "<group>"; };
		874C22F124B5C38E00EDB9B4 /* CommonMacros.h */ = {isa = PBXFileReference; fileEncoding = 4; lastKnownFileType = sourcecode.c.h; path = CommonMacros.h; sourceTree = "<group>"; };
		874C22F224B5C38E00EDB9B4 /* PrefixHeader.pch */ = {isa = PBXFileReference; fileEncoding = 4; lastKnownFileType = sourcecode.c.h; path = PrefixHeader.pch; sourceTree = "<group>"; };
		874C22F324B5C38E00EDB9B4 /* FontAndColorMacros.h */ = {isa = PBXFileReference; fileEncoding = 4; lastKnownFileType = sourcecode.c.h; path = FontAndColorMacros.h; sourceTree = "<group>"; };
		87D44D972254A5AB0060BB6F /* hefeng_refresh.gif */ = {isa = PBXFileReference; lastKnownFileType = image.gif; path = hefeng_refresh.gif; sourceTree = "<group>"; };
		87DB8DDF224A233A00A4ACFC /* OpenWeatherPlus.app */ = {isa = PBXFileReference; explicitFileType = wrapper.application; includeInIndex = 0; path = OpenWeatherPlus.app; sourceTree = BUILT_PRODUCTS_DIR; };
		87DB8DEE224A233C00A4ACFC /* Base */ = {isa = PBXFileReference; lastKnownFileType = file.storyboard; name = Base; path = Base.lproj/LaunchScreen.storyboard; sourceTree = "<group>"; };
		87DB8DF0224A233C00A4ACFC /* Info.plist */ = {isa = PBXFileReference; lastKnownFileType = text.plist.xml; path = Info.plist; sourceTree = "<group>"; };
		87DB8DF1224A233C00A4ACFC /* main.m */ = {isa = PBXFileReference; lastKnownFileType = sourcecode.c.objc; path = main.m; sourceTree = "<group>"; };
		87DB8DF7224A233C00A4ACFC /* OpenWeatherPlusTests.xctest */ = {isa = PBXFileReference; explicitFileType = wrapper.cfbundle; includeInIndex = 0; path = OpenWeatherPlusTests.xctest; sourceTree = BUILT_PRODUCTS_DIR; };
		87DB8DFD224A233C00A4ACFC /* Info.plist */ = {isa = PBXFileReference; lastKnownFileType = text.plist.xml; path = Info.plist; sourceTree = "<group>"; };
		87DB8E02224A233C00A4ACFC /* OpenWeatherPlusUITests.xctest */ = {isa = PBXFileReference; explicitFileType = wrapper.cfbundle; includeInIndex = 0; path = OpenWeatherPlusUITests.xctest; sourceTree = BUILT_PRODUCTS_DIR; };
		87DB8E08224A233C00A4ACFC /* Info.plist */ = {isa = PBXFileReference; lastKnownFileType = text.plist.xml; path = Info.plist; sourceTree = "<group>"; };
		87DB8E8B224A24E200A4ACFC /* zh-Hans */ = {isa = PBXFileReference; lastKnownFileType = text.plist.strings; name = "zh-Hans"; path = "zh-Hans.lproj/LaunchScreen.strings"; sourceTree = "<group>"; };
		87DB8E8E224A250B00A4ACFC /* zh-Hans */ = {isa = PBXFileReference; lastKnownFileType = text.plist.strings; name = "zh-Hans"; path = "zh-Hans.lproj/Localizable.strings"; sourceTree = "<group>"; };
		87DB8E8F224A250B00A4ACFC /* en */ = {isa = PBXFileReference; lastKnownFileType = text.plist.strings; name = en; path = en.lproj/Localizable.strings; sourceTree = "<group>"; };
		9809CEDB2F58D53B55F18BBC /* Pods-OpenWeatherPlusUITests.debug.xcconfig */ = {isa = PBXFileReference; includeInIndex = 1; lastKnownFileType = text.xcconfig; name = "Pods-OpenWeatherPlusUITests.debug.xcconfig"; path = "Pods/Target Support Files/Pods-OpenWeatherPlusUITests/Pods-OpenWeatherPlusUITests.debug.xcconfig"; sourceTree = "<group>"; };
		AC7FA903D30354FC67BB3198 /* Pods-OpenWeatherPlusTests.debug.xcconfig */ = {isa = PBXFileReference; includeInIndex = 1; lastKnownFileType = text.xcconfig; name = "Pods-OpenWeatherPlusTests.debug.xcconfig"; path = "Pods/Target Support Files/Pods-OpenWeatherPlusTests/Pods-OpenWeatherPlusTests.debug.xcconfig"; sourceTree = "<group>"; };
/* End PBXFileReference section */

/* Begin PBXFrameworksBuildPhase section */
		87DB8DDC224A233A00A4ACFC /* Frameworks */ = {
			isa = PBXFrameworksBuildPhase;
			buildActionMask = 2147483647;
			files = (
				8F0DA026E046938480EB68DB /* libPods-OpenWeatherPlus.a in Frameworks */,
				2C5E1168253FDA10005AE0D5 /* QWeather.framework in Frameworks */,
			);
			runOnlyForDeploymentPostprocessing = 0;
		};
		87DB8DF4224A233C00A4ACFC /* Frameworks */ = {
			isa = PBXFrameworksBuildPhase;
			buildActionMask = 2147483647;
			files = (
				590AC966073D037CDCB36224 /* libPods-OpenWeatherPlusTests.a in Frameworks */,
			);
			runOnlyForDeploymentPostprocessing = 0;
		};
		87DB8DFF224A233C00A4ACFC /* Frameworks */ = {
			isa = PBXFrameworksBuildPhase;
			buildActionMask = 2147483647;
			files = (
				DC5CFFEDF8BD65DA7FF6EF4D /* libPods-OpenWeatherPlusUITests.a in Frameworks */,
			);
			runOnlyForDeploymentPostprocessing = 0;
		};
/* End PBXFrameworksBuildPhase section */

/* Begin PBXGroup section */
		02B892D0A81DA36931B46F89 /* Frameworks */ = {
			isa = PBXGroup;
			children = (
				4B90599F87F3726BDD250284 /* libPods-OpenWeatherPlus.a */,
				56915BB9650C4810844EB00B /* libPods-OpenWeatherPlusTests.a */,
				1722BFD37AE0C2E07AF5AF79 /* libPods-OpenWeatherPlusUITests.a */,
			);
			name = Frameworks;
			sourceTree = "<group>";
		};
		874C227B24B5C38D00EDB9B4 /* AppDelegate */ = {
			isa = PBXGroup;
			children = (
				874C227C24B5C38D00EDB9B4 /* AppDelegate.h */,
				874C227E24B5C38D00EDB9B4 /* AppDelegate.m */,
			);
			path = AppDelegate;
			sourceTree = "<group>";
		};
		874C227F24B5C38D00EDB9B4 /* Helpers */ = {
			isa = PBXGroup;
			children = (
				2C5E11B6253FDF62005AE0D5 /* QWeatherDataManager.h */,
				2C5E11B5253FDF62005AE0D5 /* QWeatherDataManager.m */,
				2C5E11B3253FDF62005AE0D5 /* QWeatherRequest.h */,
				2C5E11B7253FDF62005AE0D5 /* QWeatherRequest.m */,
				2C5E1233253FE082005AE0D5 /* QWeatherTool.h */,
				2C5E1232253FE082005AE0D5 /* QWeatherTool.m */,
				2C5E1167253FDA10005AE0D5 /* QWeather.framework */,
			);
			path = Helpers;
			sourceTree = "<group>";
		};
		874C228724B5C38E00EDB9B4 /* Modules */ = {
			isa = PBXGroup;
			children = (
				874C228824B5C38E00EDB9B4 /* ImagesDownloadManager.h */,
				874C229624B5C38E00EDB9B4 /* ImagesDownloadManager.m */,
				874C228924B5C38E00EDB9B4 /* Controller */,
				874C229724B5C38E00EDB9B4 /* Model */,
				874C229C24B5C38E00EDB9B4 /* View */,
				874C22CE24B5C38E00EDB9B4 /* SDWebImage */,
			);
			path = Modules;
			sourceTree = "<group>";
		};
		874C228924B5C38E00EDB9B4 /* Controller */ = {
			isa = PBXGroup;
			children = (
				2C5E11C1253FDF8C005AE0D5 /* QWeatherAboutViewController.h */,
				2C5E11C2253FDF8C005AE0D5 /* QWeatherAboutViewController.m */,
				2C5E11C3253FDF8C005AE0D5 /* QWeatherAuthorityViewController.h */,
				2C5E11C6253FDF8C005AE0D5 /* QWeatherAuthorityViewController.m */,
				2C5E11C0253FDF8C005AE0D5 /* QWeatherCityManagerViewController.h */,
				2C5E11C4253FDF8C005AE0D5 /* QWeatherCityManagerViewController.m */,
				2C5E11C8253FDF8D005AE0D5 /* QWeatherHomeViewController.h */,
				2C5E11BF253FDF8C005AE0D5 /* QWeatherHomeViewController.m */,
				2C5E11C5253FDF8C005AE0D5 /* QWeatherSearchViewController.h */,
				2C5E11C7253FDF8C005AE0D5 /* QWeatherSearchViewController.m */,
				2C5E11BE253FDF8C005AE0D5 /* QWeatherSettingViewController.h */,
				2C5E11C9253FDF8D005AE0D5 /* QWeatherSettingViewController.m */,
			);
			path = Controller;
			sourceTree = "<group>";
		};
		874C229724B5C38E00EDB9B4 /* Model */ = {
			isa = PBXGroup;
			children = (
				2C5E11D4253FDFA2005AE0D5 /* QWeatherHomeTabelViewDataModel.h */,
				2C5E11D5253FDFA2005AE0D5 /* QWeatherHomeTabelViewDataModel.m */,
				2C5E11D3253FDFA2005AE0D5 /* QWeatherSettingModel.h */,
				2C5E11D6253FDFA2005AE0D5 /* QWeatherSettingModel.m */,
			);
			path = Model;
			sourceTree = "<group>";
		};
		874C229C24B5C38E00EDB9B4 /* View */ = {
			isa = PBXGroup;
			children = (
				874C229D24B5C38E00EDB9B4 /* Home */,
				874C22B924B5C38E00EDB9B4 /* City */,
				874C22BC24B5C38E00EDB9B4 /* HeFengTodayWeatherView */,
				874C22C724B5C38E00EDB9B4 /* Search */,
			);
			path = View;
			sourceTree = "<group>";
		};
		874C229D24B5C38E00EDB9B4 /* Home */ = {
			isa = PBXGroup;
			children = (
				2C5E11DC253FDFD0005AE0D5 /* QWeatherDayWeatherRowView.h */,
				2C5E11EB253FDFD1005AE0D5 /* QWeatherDayWeatherRowView.m */,
				2C5E11F6253FDFD1005AE0D5 /* QWeatherDayWeatherView.h */,
				2C5E11ED253FDFD1005AE0D5 /* QWeatherDayWeatherView.m */,
				2C5E11E6253FDFD1005AE0D5 /* QWeatherHomeCollectionViewCell.h */,
				2C5E11F0253FDFD1005AE0D5 /* QWeatherHomeCollectionViewCell.m */,
				2C5E11EA253FDFD1005AE0D5 /* QWeatherHomeCollectionViewCell.xib */,
				2C5E11DF253FDFD0005AE0D5 /* QWeatherHomeNavView.h */,
				2C5E11E1253FDFD1005AE0D5 /* QWeatherHomeNavView.m */,
				2C5E11E3253FDFD1005AE0D5 /* QWeatherHomeScrollView.h */,
				2C5E11E5253FDFD1005AE0D5 /* QWeatherHomeScrollView.m */,
				2C5E11DD253FDFD0005AE0D5 /* QWeatherHourlyImageView.h */,
				2C5E11E9253FDFD1005AE0D5 /* QWeatherHourlyImageView.m */,
				2C5E11E0253FDFD1005AE0D5 /* QWeatherHourlyLineImagesView.h */,
				2C5E11EE253FDFD1005AE0D5 /* QWeatherHourlyLineImagesView.m */,
				2C5E11E4253FDFD1005AE0D5 /* QWeatherHourlyLineView.h */,
				2C5E11E8253FDFD1005AE0D5 /* QWeatherHourlyLineView.m */,
				2C5E11E2253FDFD1005AE0D5 /* QWeatherHourlyWeatherView.h */,
				2C5E11F3253FDFD1005AE0D5 /* QWeatherHourlyWeatherView.m */,
				2C5E11DE253FDFD0005AE0D5 /* QWeatherInstructionView.h */,
				2C5E11E7253FDFD1005AE0D5 /* QWeatherInstructionView.m */,
				2C5E11F2253FDFD1005AE0D5 /* QWeatherNowWeatherView.h */,
				2C5E11F5253FDFD1005AE0D5 /* QWeatherNowWeatherView.m */,
				2C5E11F1253FDFD1005AE0D5 /* QWeatherRefreshHeader.h */,
				2C5E11F4253FDFD1005AE0D5 /* QWeatherRefreshHeader.m */,
				2C5E11EF253FDFD1005AE0D5 /* QWeatherWaterWaveView.h */,
				2C5E11EC253FDFD1005AE0D5 /* QWeatherWaterWaveView.m */,
			);
			path = Home;
			sourceTree = "<group>";
		};
		874C22B924B5C38E00EDB9B4 /* City */ = {
			isa = PBXGroup;
			children = (
				2C5E1208253FDFEC005AE0D5 /* QWeatherCityManagerCell.h */,
				2C5E1209253FDFEC005AE0D5 /* QWeatherCityManagerCell.m */,
			);
			path = City;
			sourceTree = "<group>";
		};
		874C22BC24B5C38E00EDB9B4 /* HeFengTodayWeatherView */ = {
			isa = PBXGroup;
			children = (
				2C5E1212253FDFFE005AE0D5 /* QWeatherTodayWeatherAQIView.h */,
				2C5E1211253FDFFE005AE0D5 /* QWeatherTodayWeatherAQIView.m */,
				2C5E1217253FDFFE005AE0D5 /* QWeatherTodayWeatherItemView.h */,
				2C5E121A253FDFFE005AE0D5 /* QWeatherTodayWeatherItemView.m */,
				2C5E1218253FDFFE005AE0D5 /* QWeatherTodayWeatherMoonRiseCurveView.h */,
				2C5E1219253FDFFE005AE0D5 /* QWeatherTodayWeatherMoonRiseCurveView.m */,
				2C5E1215253FDFFE005AE0D5 /* QWeatherTodayWeatherMoonRiseView.h */,
				2C5E1213253FDFFE005AE0D5 /* QWeatherTodayWeatherMoonRiseView.m */,
				2C5E1214253FDFFE005AE0D5 /* QWeatherTodayWeatherView.h */,
				2C5E1216253FDFFE005AE0D5 /* QWeatherTodayWeatherView.m */,
			);
			path = HeFengTodayWeatherView;
			sourceTree = "<group>";
		};
		874C22C724B5C38E00EDB9B4 /* Search */ = {
			isa = PBXGroup;
			children = (
				2C5E1224253FE015005AE0D5 /* QWeatherCollectionCityCell.h */,
				2C5E1226253FE015005AE0D5 /* QWeatherCollectionCityCell.m */,
				2C5E1228253FE015005AE0D5 /* QWeatherSearchBarView.h */,
				2C5E1223253FE015005AE0D5 /* QWeatherSearchBarView.m */,
				2C5E1225253FE015005AE0D5 /* QWeatherSearchCell.h */,
				2C5E1227253FE015005AE0D5 /* QWeatherSearchCell.m */,
			);
			path = Search;
			sourceTree = "<group>";
		};
		874C22CE24B5C38E00EDB9B4 /* SDWebImage */ = {
			isa = PBXGroup;
			children = (
				874C22CF24B5C38E00EDB9B4 /* LICENSE */,
				874C22D024B5C38E00EDB9B4 /* README.md */,
				874C22D124B5C38E00EDB9B4 /* SDWebImage */,
			);
			path = SDWebImage;
			sourceTree = "<group>";
		};
		874C22D124B5C38E00EDB9B4 /* SDWebImage */ = {
			isa = PBXGroup;
			children = (
				874C22D224B5C38E00EDB9B4 /* UIImageView+WebCache.h */,
				874C22D324B5C38E00EDB9B4 /* NSData+ImageContentType.h */,
				874C22D424B5C38E00EDB9B4 /* SDWebImageManager.m */,
				874C22D524B5C38E00EDB9B4 /* SDWebImageDecoder.m */,
				874C22D624B5C38E00EDB9B4 /* SDWebImageDownloaderOperation.h */,
				874C22D724B5C38E00EDB9B4 /* UIImageView+HighlightedWebCache.m */,
				874C22D824B5C38E00EDB9B4 /* SDImageCache.h */,
				874C22D924B5C38E00EDB9B4 /* SDWebImageDownloader.m */,
				874C22DA24B5C38E00EDB9B4 /* UIImage+GIF.m */,
				874C22DB24B5C38E00EDB9B4 /* UIButton+WebCache.h */,
				874C22DC24B5C38E00EDB9B4 /* UIImage+MultiFormat.m */,
				874C22DD24B5C38E00EDB9B4 /* SDWebImageCompat.m */,
				874C22DE24B5C38E00EDB9B4 /* SDWebImagePrefetcher.m */,
				874C22DF24B5C38E00EDB9B4 /* UIView+WebCacheOperation.h */,
				874C22E024B5C38E00EDB9B4 /* SDImageCache.m */,
				874C22E124B5C38E00EDB9B4 /* UIImageView+HighlightedWebCache.h */,
				874C22E224B5C38E00EDB9B4 /* SDWebImageDownloaderOperation.m */,
				874C22E324B5C38E00EDB9B4 /* SDWebImageDecoder.h */,
				874C22E424B5C38E00EDB9B4 /* SDWebImageManager.h */,
				874C22E524B5C38E00EDB9B4 /* NSData+ImageContentType.m */,
				874C22E624B5C38E00EDB9B4 /* UIImageView+WebCache.m */,
				874C22E724B5C38E00EDB9B4 /* SDWebImageOperation.h */,
				874C22E824B5C38E00EDB9B4 /* SDWebImageDownloader.h */,
				874C22E924B5C38E00EDB9B4 /* UIView+WebCacheOperation.m */,
				874C22EA24B5C38E00EDB9B4 /* SDWebImagePrefetcher.h */,
				874C22EB24B5C38E00EDB9B4 /* SDWebImageCompat.h */,
				874C22EC24B5C38E00EDB9B4 /* UIImage+MultiFormat.h */,
				874C22ED24B5C38E00EDB9B4 /* UIButton+WebCache.m */,
				874C22EE24B5C38E00EDB9B4 /* UIImage+GIF.h */,
			);
			path = SDWebImage;
			sourceTree = "<group>";
		};
		874C22EF24B5C38E00EDB9B4 /* Define */ = {
			isa = PBXGroup;
			children = (
				874C22F024B5C38E00EDB9B4 /* UtilsMacros.h */,
				874C22F124B5C38E00EDB9B4 /* CommonMacros.h */,
				874C22F224B5C38E00EDB9B4 /* PrefixHeader.pch */,
				874C22F324B5C38E00EDB9B4 /* FontAndColorMacros.h */,
			);
			path = Define;
			sourceTree = "<group>";
		};
		874C22F424B5C38F00EDB9B4 /* Category */ = {
			isa = PBXGroup;
			children = (
				2C5E11AD253FDEF5005AE0D5 /* UIBezierPath+QWeatherPath.h */,
				2C5E11AC253FDEF5005AE0D5 /* UIBezierPath+QWeatherPath.m */,
			);
			path = Category;
			sourceTree = "<group>";
		};
		874C22F724B5C38F00EDB9B4 /* Base */ = {
			isa = PBXGroup;
			children = (
				2C5E1263253FE211005AE0D5 /* QWeatherModel.h */,
				2C5E1264253FE211005AE0D5 /* QWeatherModel.m */,
				2C5E11A0253FDEBF005AE0D5 /* QWeatherBaseButton.h */,
				2C5E1197253FDEBE005AE0D5 /* QWeatherBaseButton.m */,
				2C5E119B253FDEBE005AE0D5 /* QWeatherBaseLabel.h */,
				2C5E119D253FDEBE005AE0D5 /* QWeatherBaseLabel.m */,
				2C5E119F253FDEBE005AE0D5 /* QWeatherBaseNavigationViewController.h */,
				2C5E119C253FDEBE005AE0D5 /* QWeatherBaseNavigationViewController.m */,
				2C5E119A253FDEBE005AE0D5 /* QWeatherBaseTextField.h */,
				2C5E1194253FDEBE005AE0D5 /* QWeatherBaseTextField.m */,
				2C5E119E253FDEBE005AE0D5 /* QWeatherBaseView.h */,
				2C5E1195253FDEBE005AE0D5 /* QWeatherBaseView.m */,
				2C5E1196253FDEBE005AE0D5 /* QWeatherBaseViewController.h */,
				2C5E1198253FDEBE005AE0D5 /* QWeatherBaseViewController.m */,
			);
			path = Base;
			sourceTree = "<group>";
		};
		87DB8DD6224A233A00A4ACFC = {
			isa = PBXGroup;
			children = (
				87DB8DE1224A233A00A4ACFC /* OpenWeatherPlus */,
				87DB8DFA224A233C00A4ACFC /* OpenWeatherPlusTests */,
				87DB8E05224A233C00A4ACFC /* OpenWeatherPlusUITests */,
				87DB8DE0224A233A00A4ACFC /* Products */,
				C6672715CB2E9263DC5CE17F /* Pods */,
				02B892D0A81DA36931B46F89 /* Frameworks */,
			);
			sourceTree = "<group>";
		};
		87DB8DE0224A233A00A4ACFC /* Products */ = {
			isa = PBXGroup;
			children = (
				87DB8DDF224A233A00A4ACFC /* OpenWeatherPlus.app */,
				87DB8DF7224A233C00A4ACFC /* OpenWeatherPlusTests.xctest */,
				87DB8E02224A233C00A4ACFC /* OpenWeatherPlusUITests.xctest */,
			);
			name = Products;
			sourceTree = "<group>";
		};
		87DB8DE1224A233A00A4ACFC /* OpenWeatherPlus */ = {
			isa = PBXGroup;
			children = (
				874C227B24B5C38D00EDB9B4 /* AppDelegate */,
				874C22F724B5C38F00EDB9B4 /* Base */,
				874C22F424B5C38F00EDB9B4 /* Category */,
				874C22EF24B5C38E00EDB9B4 /* Define */,
				874C227F24B5C38D00EDB9B4 /* Helpers */,
				874C228724B5C38E00EDB9B4 /* Modules */,
				87DB8E8C224A250B00A4ACFC /* Supporting Files */,
			);
			path = OpenWeatherPlus;
			sourceTree = "<group>";
		};
		87DB8DFA224A233C00A4ACFC /* OpenWeatherPlusTests */ = {
			isa = PBXGroup;
			children = (
				870BF95B225D84EC00C9CF77 /* OpenWeatherPlusTests.m */,
				87DB8DFD224A233C00A4ACFC /* Info.plist */,
			);
			path = OpenWeatherPlusTests;
			sourceTree = "<group>";
		};
		87DB8E05224A233C00A4ACFC /* OpenWeatherPlusUITests */ = {
			isa = PBXGroup;
			children = (
				870BF95D225D858400C9CF77 /* OpenWeatherPlusUITests.m */,
				87DB8E08224A233C00A4ACFC /* Info.plist */,
			);
			path = OpenWeatherPlusUITests;
			sourceTree = "<group>";
		};
		87DB8E8C224A250B00A4ACFC /* Supporting Files */ = {
			isa = PBXGroup;
			children = (
				87D44D972254A5AB0060BB6F /* hefeng_refresh.gif */,
				873DA15E224C8AAC00F8FC1E /* Assets.xcassets */,
				87DB8DED224A233C00A4ACFC /* LaunchScreen.storyboard */,
				87DB8DF0224A233C00A4ACFC /* Info.plist */,
				87DB8DF1224A233C00A4ACFC /* main.m */,
				8705B501225B40AB000903A8 /* InfoPlist.strings */,
				87DB8E8D224A250B00A4ACFC /* Localizable.strings */,
			);
			path = "Supporting Files";
			sourceTree = "<group>";
		};
		C6672715CB2E9263DC5CE17F /* Pods */ = {
			isa = PBXGroup;
			children = (
				277AC768FCA483F622850442 /* Pods-OpenWeatherPlus.debug.xcconfig */,
				6E7C8D1E97AC4C93FE3D5599 /* Pods-OpenWeatherPlus.release.xcconfig */,
				AC7FA903D30354FC67BB3198 /* Pods-OpenWeatherPlusTests.debug.xcconfig */,
				5D39C68B46F0BCD68FDEDE43 /* Pods-OpenWeatherPlusTests.release.xcconfig */,
				9809CEDB2F58D53B55F18BBC /* Pods-OpenWeatherPlusUITests.debug.xcconfig */,
				2DE4834B23E5B43D0725F3A6 /* Pods-OpenWeatherPlusUITests.release.xcconfig */,
			);
			name = Pods;
			sourceTree = "<group>";
		};
/* End PBXGroup section */

/* Begin PBXNativeTarget section */
		87DB8DDE224A233A00A4ACFC /* OpenWeatherPlus */ = {
			isa = PBXNativeTarget;
			buildConfigurationList = 87DB8E0B224A233C00A4ACFC /* Build configuration list for PBXNativeTarget "OpenWeatherPlus" */;
			buildPhases = (
				76C249F498B7635F8F4E5954 /* [CP] Check Pods Manifest.lock */,
				87DB8DDB224A233A00A4ACFC /* Sources */,
				87DB8DDC224A233A00A4ACFC /* Frameworks */,
				87DB8DDD224A233A00A4ACFC /* Resources */,
				E35BDEC4861C408568793AD7 /* [CP] Copy Pods Resources */,
			);
			buildRules = (
			);
			dependencies = (
			);
			name = OpenWeatherPlus;
			productName = OpenWeatherPlus;
			productReference = 87DB8DDF224A233A00A4ACFC /* OpenWeatherPlus.app */;
			productType = "com.apple.product-type.application";
		};
		87DB8DF6224A233C00A4ACFC /* OpenWeatherPlusTests */ = {
			isa = PBXNativeTarget;
			buildConfigurationList = 87DB8E0E224A233C00A4ACFC /* Build configuration list for PBXNativeTarget "OpenWeatherPlusTests" */;
			buildPhases = (
				FA60A15B8B4F229F92B7B7A4 /* [CP] Check Pods Manifest.lock */,
				87DB8DF3224A233C00A4ACFC /* Sources */,
				87DB8DF4224A233C00A4ACFC /* Frameworks */,
				87DB8DF5224A233C00A4ACFC /* Resources */,
			);
			buildRules = (
			);
			dependencies = (
				87DB8DF9224A233C00A4ACFC /* PBXTargetDependency */,
			);
			name = OpenWeatherPlusTests;
			productName = OpenWeatherPlusTests;
			productReference = 87DB8DF7224A233C00A4ACFC /* OpenWeatherPlusTests.xctest */;
			productType = "com.apple.product-type.bundle.unit-test";
		};
		87DB8E01224A233C00A4ACFC /* OpenWeatherPlusUITests */ = {
			isa = PBXNativeTarget;
			buildConfigurationList = 87DB8E11224A233C00A4ACFC /* Build configuration list for PBXNativeTarget "OpenWeatherPlusUITests" */;
			buildPhases = (
				CE86E3880AD9D3274F187E99 /* [CP] Check Pods Manifest.lock */,
				87DB8DFE224A233C00A4ACFC /* Sources */,
				87DB8DFF224A233C00A4ACFC /* Frameworks */,
				87DB8E00224A233C00A4ACFC /* Resources */,
			);
			buildRules = (
			);
			dependencies = (
				87DB8E04224A233C00A4ACFC /* PBXTargetDependency */,
			);
			name = OpenWeatherPlusUITests;
			productName = OpenWeatherPlusUITests;
			productReference = 87DB8E02224A233C00A4ACFC /* OpenWeatherPlusUITests.xctest */;
			productType = "com.apple.product-type.bundle.ui-testing";
		};
/* End PBXNativeTarget section */

/* Begin PBXProject section */
		87DB8DD7224A233A00A4ACFC /* Project object */ = {
			isa = PBXProject;
			attributes = {
				CLASSPREFIX = HeFeng;
				LastUpgradeCheck = 1200;
				ORGANIZATIONNAME = HeFengTianQi;
				TargetAttributes = {
					87DB8DDE224A233A00A4ACFC = {
						CreatedOnToolsVersion = 10.1;
					};
					87DB8DF6224A233C00A4ACFC = {
						CreatedOnToolsVersion = 10.1;
						TestTargetID = 87DB8DDE224A233A00A4ACFC;
					};
					87DB8E01224A233C00A4ACFC = {
						CreatedOnToolsVersion = 10.1;
						TestTargetID = 87DB8DDE224A233A00A4ACFC;
					};
				};
			};
			buildConfigurationList = 87DB8DDA224A233A00A4ACFC /* Build configuration list for PBXProject "OpenWeatherPlus" */;
			compatibilityVersion = "Xcode 9.3";
			developmentRegion = en;
			hasScannedForEncodings = 0;
			knownRegions = (
				en,
				Base,
				"zh-Hans",
			);
			mainGroup = 87DB8DD6224A233A00A4ACFC;
			productRefGroup = 87DB8DE0224A233A00A4ACFC /* Products */;
			projectDirPath = "";
			projectRoot = "";
			targets = (
				87DB8DDE224A233A00A4ACFC /* OpenWeatherPlus */,
				87DB8DF6224A233C00A4ACFC /* OpenWeatherPlusTests */,
				87DB8E01224A233C00A4ACFC /* OpenWeatherPlusUITests */,
			);
		};
/* End PBXProject section */

/* Begin PBXResourcesBuildPhase section */
		87DB8DDD224A233A00A4ACFC /* Resources */ = {
			isa = PBXResourcesBuildPhase;
			buildActionMask = 2147483647;
			files = (
				8705B4FF225B40AB000903A8 /* InfoPlist.strings in Resources */,
				874C232C24B5C38F00EDB9B4 /* LICENSE in Resources */,
				87DB8E95224A250B00A4ACFC /* Localizable.strings in Resources */,
				87DB8DEF224A233C00A4ACFC /* LaunchScreen.storyboard in Resources */,
				2C5E11FC253FDFD1005AE0D5 /* QWeatherHomeCollectionViewCell.xib in Resources */,
				874C232D24B5C38F00EDB9B4 /* README.md in Resources */,
				87D44D982254A5AB0060BB6F /* hefeng_refresh.gif in Resources */,
				873DA15F224C8AAC00F8FC1E /* Assets.xcassets in Resources */,
			);
			runOnlyForDeploymentPostprocessing = 0;
		};
		87DB8DF5224A233C00A4ACFC /* Resources */ = {
			isa = PBXResourcesBuildPhase;
			buildActionMask = 2147483647;
			files = (
			);
			runOnlyForDeploymentPostprocessing = 0;
		};
		87DB8E00224A233C00A4ACFC /* Resources */ = {
			isa = PBXResourcesBuildPhase;
			buildActionMask = 2147483647;
			files = (
			);
			runOnlyForDeploymentPostprocessing = 0;
		};
/* End PBXResourcesBuildPhase section */

/* Begin PBXShellScriptBuildPhase section */
		76C249F498B7635F8F4E5954 /* [CP] Check Pods Manifest.lock */ = {
			isa = PBXShellScriptBuildPhase;
			buildActionMask = 2147483647;
			files = (
			);
			inputPaths = (
				"${PODS_PODFILE_DIR_PATH}/Podfile.lock",
				"${PODS_ROOT}/Manifest.lock",
			);
			name = "[CP] Check Pods Manifest.lock";
			outputPaths = (
				"$(DERIVED_FILE_DIR)/Pods-OpenWeatherPlus-checkManifestLockResult.txt",
			);
			runOnlyForDeploymentPostprocessing = 0;
			shellPath = /bin/sh;
			shellScript = "diff \"${PODS_PODFILE_DIR_PATH}/Podfile.lock\" \"${PODS_ROOT}/Manifest.lock\" > /dev/null\nif [ $? != 0 ] ; then\n    # print error to STDERR\n    echo \"error: The sandbox is not in sync with the Podfile.lock. Run 'pod install' or update your CocoaPods installation.\" >&2\n    exit 1\nfi\n# This output is used by Xcode 'outputs' to avoid re-running this script phase.\necho \"SUCCESS\" > \"${SCRIPT_OUTPUT_FILE_0}\"\n";
			showEnvVarsInLog = 0;
		};
		CE86E3880AD9D3274F187E99 /* [CP] Check Pods Manifest.lock */ = {
			isa = PBXShellScriptBuildPhase;
			buildActionMask = 2147483647;
			files = (
			);
			inputPaths = (
				"${PODS_PODFILE_DIR_PATH}/Podfile.lock",
				"${PODS_ROOT}/Manifest.lock",
			);
			name = "[CP] Check Pods Manifest.lock";
			outputPaths = (
				"$(DERIVED_FILE_DIR)/Pods-OpenWeatherPlusUITests-checkManifestLockResult.txt",
			);
			runOnlyForDeploymentPostprocessing = 0;
			shellPath = /bin/sh;
			shellScript = "diff \"${PODS_PODFILE_DIR_PATH}/Podfile.lock\" \"${PODS_ROOT}/Manifest.lock\" > /dev/null\nif [ $? != 0 ] ; then\n    # print error to STDERR\n    echo \"error: The sandbox is not in sync with the Podfile.lock. Run 'pod install' or update your CocoaPods installation.\" >&2\n    exit 1\nfi\n# This output is used by Xcode 'outputs' to avoid re-running this script phase.\necho \"SUCCESS\" > \"${SCRIPT_OUTPUT_FILE_0}\"\n";
			showEnvVarsInLog = 0;
		};
		E35BDEC4861C408568793AD7 /* [CP] Copy Pods Resources */ = {
			isa = PBXShellScriptBuildPhase;
			buildActionMask = 2147483647;
			files = (
			);
			inputFileListPaths = (
				"${PODS_ROOT}/Target Support Files/Pods-OpenWeatherPlus/Pods-OpenWeatherPlus-resources-${CONFIGURATION}-input-files.xcfilelist",
			);
			name = "[CP] Copy Pods Resources";
			outputFileListPaths = (
				"${PODS_ROOT}/Target Support Files/Pods-OpenWeatherPlus/Pods-OpenWeatherPlus-resources-${CONFIGURATION}-output-files.xcfilelist",
			);
			runOnlyForDeploymentPostprocessing = 0;
			shellPath = /bin/sh;
			shellScript = "\"${PODS_ROOT}/Target Support Files/Pods-OpenWeatherPlus/Pods-OpenWeatherPlus-resources.sh\"\n";
			showEnvVarsInLog = 0;
		};
		FA60A15B8B4F229F92B7B7A4 /* [CP] Check Pods Manifest.lock */ = {
			isa = PBXShellScriptBuildPhase;
			buildActionMask = 2147483647;
			files = (
			);
			inputPaths = (
				"${PODS_PODFILE_DIR_PATH}/Podfile.lock",
				"${PODS_ROOT}/Manifest.lock",
			);
			name = "[CP] Check Pods Manifest.lock";
			outputPaths = (
				"$(DERIVED_FILE_DIR)/Pods-OpenWeatherPlusTests-checkManifestLockResult.txt",
			);
			runOnlyForDeploymentPostprocessing = 0;
			shellPath = /bin/sh;
			shellScript = "diff \"${PODS_PODFILE_DIR_PATH}/Podfile.lock\" \"${PODS_ROOT}/Manifest.lock\" > /dev/null\nif [ $? != 0 ] ; then\n    # print error to STDERR\n    echo \"error: The sandbox is not in sync with the Podfile.lock. Run 'pod install' or update your CocoaPods installation.\" >&2\n    exit 1\nfi\n# This output is used by Xcode 'outputs' to avoid re-running this script phase.\necho \"SUCCESS\" > \"${SCRIPT_OUTPUT_FILE_0}\"\n";
			showEnvVarsInLog = 0;
		};
/* End PBXShellScriptBuildPhase section */

/* Begin PBXSourcesBuildPhase section */
		87DB8DDB224A233A00A4ACFC /* Sources */ = {
			isa = PBXSourcesBuildPhase;
			buildActionMask = 2147483647;
			files = (
				874C232E24B5C38F00EDB9B4 /* SDWebImageManager.m in Sources */,
				2C5E121C253FDFFE005AE0D5 /* QWeatherTodayWeatherMoonRiseView.m in Sources */,
				2C5E11A2253FDEBF005AE0D5 /* QWeatherBaseTextField.m in Sources */,
				2C5E11CF253FDF8D005AE0D5 /* QWeatherSettingViewController.m in Sources */,
				2C5E11D8253FDFA2005AE0D5 /* QWeatherSettingModel.m in Sources */,
				2C5E11F8253FDFD1005AE0D5 /* QWeatherHomeScrollView.m in Sources */,
				2C5E1202253FDFD1005AE0D5 /* QWeatherHourlyWeatherView.m in Sources */,
				2C5E11A5253FDEBF005AE0D5 /* QWeatherBaseViewController.m in Sources */,
				874C233324B5C38F00EDB9B4 /* UIImage+MultiFormat.m in Sources */,
				874C233424B5C38F00EDB9B4 /* SDWebImageCompat.m in Sources */,
				2C5E121F253FDFFE005AE0D5 /* QWeatherTodayWeatherItemView.m in Sources */,
				874C233024B5C38F00EDB9B4 /* UIImageView+HighlightedWebCache.m in Sources */,
				2C5E121D253FDFFE005AE0D5 /* QWeatherTodayWeatherView.m in Sources */,
				2C5E11A7253FDEBF005AE0D5 /* QWeatherBaseNavigationViewController.m in Sources */,
				874C232F24B5C38F00EDB9B4 /* SDWebImageDecoder.m in Sources */,
				2C5E1203253FDFD1005AE0D5 /* QWeatherRefreshHeader.m in Sources */,
				2C5E11F7253FDFD1005AE0D5 /* QWeatherHomeNavView.m in Sources */,
				2C5E11FE253FDFD1005AE0D5 /* QWeatherWaterWaveView.m in Sources */,
				2C5E11BA253FDF62005AE0D5 /* QWeatherRequest.m in Sources */,
				2C5E122A253FE015005AE0D5 /* QWeatherCollectionCityCell.m in Sources */,
				874C233B24B5C38F00EDB9B4 /* UIButton+WebCache.m in Sources */,
				2C5E11D7253FDFA2005AE0D5 /* QWeatherHomeTabelViewDataModel.m in Sources */,
				2C5E11FD253FDFD1005AE0D5 /* QWeatherDayWeatherRowView.m in Sources */,
				874C233224B5C38F00EDB9B4 /* UIImage+GIF.m in Sources */,
				874C233624B5C38F00EDB9B4 /* SDImageCache.m in Sources */,
				2C5E1201253FDFD1005AE0D5 /* QWeatherHomeCollectionViewCell.m in Sources */,
				874C233924B5C38F00EDB9B4 /* UIImageView+WebCache.m in Sources */,
				874C231224B5C38F00EDB9B4 /* ImagesDownloadManager.m in Sources */,
				2C5E11A3253FDEBF005AE0D5 /* QWeatherBaseView.m in Sources */,
				874C233124B5C38F00EDB9B4 /* SDWebImageDownloader.m in Sources */,
				2C5E121B253FDFFE005AE0D5 /* QWeatherTodayWeatherAQIView.m in Sources */,
				2C5E1204253FDFD1005AE0D5 /* QWeatherNowWeatherView.m in Sources */,
				2C5E11CD253FDF8D005AE0D5 /* QWeatherAuthorityViewController.m in Sources */,
				2C5E11FF253FDFD1005AE0D5 /* QWeatherDayWeatherView.m in Sources */,
				874C230724B5C38F00EDB9B4 /* AppDelegate.m in Sources */,
				2C5E11A8253FDEBF005AE0D5 /* QWeatherBaseLabel.m in Sources */,
				2C5E11CC253FDF8D005AE0D5 /* QWeatherCityManagerViewController.m in Sources */,
				2C5E122B253FE015005AE0D5 /* QWeatherSearchCell.m in Sources */,
				2C5E11B9253FDF62005AE0D5 /* QWeatherDataManager.m in Sources */,
				2C5E1265253FE211005AE0D5 /* QWeatherModel.m in Sources */,
				2C5E1234253FE082005AE0D5 /* QWeatherTool.m in Sources */,
				2C5E121E253FDFFE005AE0D5 /* QWeatherTodayWeatherMoonRiseCurveView.m in Sources */,
				874C233824B5C38F00EDB9B4 /* NSData+ImageContentType.m in Sources */,
				87DB8DF2224A233C00A4ACFC /* main.m in Sources */,
				2C5E11CB253FDF8D005AE0D5 /* QWeatherAboutViewController.m in Sources */,
				874C233724B5C38F00EDB9B4 /* SDWebImageDownloaderOperation.m in Sources */,
				2C5E11F9253FDFD1005AE0D5 /* QWeatherInstructionView.m in Sources */,
				2C5E11FB253FDFD1005AE0D5 /* QWeatherHourlyImageView.m in Sources */,
				2C5E11A4253FDEBF005AE0D5 /* QWeatherBaseButton.m in Sources */,
				2C5E11AE253FDEF5005AE0D5 /* UIBezierPath+QWeatherPath.m in Sources */,
				2C5E11FA253FDFD1005AE0D5 /* QWeatherHourlyLineView.m in Sources */,
				874C233A24B5C38F00EDB9B4 /* UIView+WebCacheOperation.m in Sources */,
				2C5E120A253FDFEC005AE0D5 /* QWeatherCityManagerCell.m in Sources */,
				2C5E11CA253FDF8D005AE0D5 /* QWeatherHomeViewController.m in Sources */,
				874C233524B5C38F00EDB9B4 /* SDWebImagePrefetcher.m in Sources */,
				2C5E1200253FDFD1005AE0D5 /* QWeatherHourlyLineImagesView.m in Sources */,
				2C5E1229253FE015005AE0D5 /* QWeatherSearchBarView.m in Sources */,
				2C5E11CE253FDF8D005AE0D5 /* QWeatherSearchViewController.m in Sources */,
			);
			runOnlyForDeploymentPostprocessing = 0;
		};
		87DB8DF3224A233C00A4ACFC /* Sources */ = {
			isa = PBXSourcesBuildPhase;
			buildActionMask = 2147483647;
			files = (
				870BF95C225D84EC00C9CF77 /* OpenWeatherPlusTests.m in Sources */,
			);
			runOnlyForDeploymentPostprocessing = 0;
		};
		87DB8DFE224A233C00A4ACFC /* Sources */ = {
			isa = PBXSourcesBuildPhase;
			buildActionMask = 2147483647;
			files = (
				870BF95E225D858400C9CF77 /* OpenWeatherPlusUITests.m in Sources */,
			);
			runOnlyForDeploymentPostprocessing = 0;
		};
/* End PBXSourcesBuildPhase section */

/* Begin PBXTargetDependency section */
		87DB8DF9224A233C00A4ACFC /* PBXTargetDependency */ = {
			isa = PBXTargetDependency;
			target = 87DB8DDE224A233A00A4ACFC /* OpenWeatherPlus */;
			targetProxy = 87DB8DF8224A233C00A4ACFC /* PBXContainerItemProxy */;
		};
		87DB8E04224A233C00A4ACFC /* PBXTargetDependency */ = {
			isa = PBXTargetDependency;
			target = 87DB8DDE224A233A00A4ACFC /* OpenWeatherPlus */;
			targetProxy = 87DB8E03224A233C00A4ACFC /* PBXContainerItemProxy */;
		};
/* End PBXTargetDependency section */

/* Begin PBXVariantGroup section */
		8705B501225B40AB000903A8 /* InfoPlist.strings */ = {
			isa = PBXVariantGroup;
			children = (
				8705B500225B40AB000903A8 /* en */,
				8705B502225B40AF000903A8 /* zh-Hans */,
			);
			name = InfoPlist.strings;
			sourceTree = "<group>";
		};
		87DB8DED224A233C00A4ACFC /* LaunchScreen.storyboard */ = {
			isa = PBXVariantGroup;
			children = (
				87DB8DEE224A233C00A4ACFC /* Base */,
				87DB8E8B224A24E200A4ACFC /* zh-Hans */,
			);
			name = LaunchScreen.storyboard;
			sourceTree = "<group>";
		};
		87DB8E8D224A250B00A4ACFC /* Localizable.strings */ = {
			isa = PBXVariantGroup;
			children = (
				87DB8E8E224A250B00A4ACFC /* zh-Hans */,
				87DB8E8F224A250B00A4ACFC /* en */,
			);
			name = Localizable.strings;
			sourceTree = "<group>";
		};
/* End PBXVariantGroup section */

/* Begin XCBuildConfiguration section */
		87DB8E09224A233C00A4ACFC /* Debug */ = {
			isa = XCBuildConfiguration;
			buildSettings = {
				ALWAYS_SEARCH_USER_PATHS = NO;
				CLANG_ANALYZER_LOCALIZABILITY_NONLOCALIZED = YES;
				CLANG_ANALYZER_NONNULL = YES;
				CLANG_ANALYZER_NUMBER_OBJECT_CONVERSION = YES_AGGRESSIVE;
				CLANG_CXX_LANGUAGE_STANDARD = "gnu++14";
				CLANG_CXX_LIBRARY = "libc++";
				CLANG_ENABLE_MODULES = YES;
				CLANG_ENABLE_OBJC_ARC = YES;
				CLANG_ENABLE_OBJC_WEAK = YES;
				CLANG_WARN_BLOCK_CAPTURE_AUTORELEASING = YES;
				CLANG_WARN_BOOL_CONVERSION = YES;
				CLANG_WARN_COMMA = YES;
				CLANG_WARN_CONSTANT_CONVERSION = YES;
				CLANG_WARN_DEPRECATED_OBJC_IMPLEMENTATIONS = YES;
				CLANG_WARN_DIRECT_OBJC_ISA_USAGE = YES_ERROR;
				CLANG_WARN_DOCUMENTATION_COMMENTS = YES;
				CLANG_WARN_EMPTY_BODY = YES;
				CLANG_WARN_ENUM_CONVERSION = YES;
				CLANG_WARN_INFINITE_RECURSION = YES;
				CLANG_WARN_INT_CONVERSION = YES;
				CLANG_WARN_NON_LITERAL_NULL_CONVERSION = YES;
				CLANG_WARN_OBJC_IMPLICIT_RETAIN_SELF = YES;
				CLANG_WARN_OBJC_LITERAL_CONVERSION = YES;
				CLANG_WARN_OBJC_ROOT_CLASS = YES_ERROR;
				CLANG_WARN_QUOTED_INCLUDE_IN_FRAMEWORK_HEADER = YES;
				CLANG_WARN_RANGE_LOOP_ANALYSIS = YES;
				CLANG_WARN_STRICT_PROTOTYPES = YES;
				CLANG_WARN_SUSPICIOUS_MOVE = YES;
				CLANG_WARN_UNGUARDED_AVAILABILITY = YES_AGGRESSIVE;
				CLANG_WARN_UNREACHABLE_CODE = YES;
				CLANG_WARN__DUPLICATE_METHOD_MATCH = YES;
				CODE_SIGN_IDENTITY = "iPhone Developer";
				COPY_PHASE_STRIP = NO;
				DEBUG_INFORMATION_FORMAT = dwarf;
				ENABLE_STRICT_OBJC_MSGSEND = YES;
				ENABLE_TESTABILITY = YES;
				GCC_C_LANGUAGE_STANDARD = gnu11;
				GCC_DYNAMIC_NO_PIC = NO;
				GCC_NO_COMMON_BLOCKS = YES;
				GCC_OPTIMIZATION_LEVEL = 0;
				GCC_PREPROCESSOR_DEFINITIONS = (
					"DEBUG=1",
					"$(inherited)",
				);
				GCC_WARN_64_TO_32_BIT_CONVERSION = YES;
				GCC_WARN_ABOUT_RETURN_TYPE = YES_ERROR;
				GCC_WARN_UNDECLARED_SELECTOR = YES;
				GCC_WARN_UNINITIALIZED_AUTOS = YES_AGGRESSIVE;
				GCC_WARN_UNUSED_FUNCTION = YES;
				GCC_WARN_UNUSED_VARIABLE = YES;
				IPHONEOS_DEPLOYMENT_TARGET = 12.1;
				MTL_ENABLE_DEBUG_INFO = INCLUDE_SOURCE;
				MTL_FAST_MATH = YES;
				ONLY_ACTIVE_ARCH = YES;
				SDKROOT = iphoneos;
			};
			name = Debug;
		};
		87DB8E0A224A233C00A4ACFC /* Release */ = {
			isa = XCBuildConfiguration;
			buildSettings = {
				ALWAYS_SEARCH_USER_PATHS = NO;
				CLANG_ANALYZER_LOCALIZABILITY_NONLOCALIZED = YES;
				CLANG_ANALYZER_NONNULL = YES;
				CLANG_ANALYZER_NUMBER_OBJECT_CONVERSION = YES_AGGRESSIVE;
				CLANG_CXX_LANGUAGE_STANDARD = "gnu++14";
				CLANG_CXX_LIBRARY = "libc++";
				CLANG_ENABLE_MODULES = YES;
				CLANG_ENABLE_OBJC_ARC = YES;
				CLANG_ENABLE_OBJC_WEAK = YES;
				CLANG_WARN_BLOCK_CAPTURE_AUTORELEASING = YES;
				CLANG_WARN_BOOL_CONVERSION = YES;
				CLANG_WARN_COMMA = YES;
				CLANG_WARN_CONSTANT_CONVERSION = YES;
				CLANG_WARN_DEPRECATED_OBJC_IMPLEMENTATIONS = YES;
				CLANG_WARN_DIRECT_OBJC_ISA_USAGE = YES_ERROR;
				CLANG_WARN_DOCUMENTATION_COMMENTS = YES;
				CLANG_WARN_EMPTY_BODY = YES;
				CLANG_WARN_ENUM_CONVERSION = YES;
				CLANG_WARN_INFINITE_RECURSION = YES;
				CLANG_WARN_INT_CONVERSION = YES;
				CLANG_WARN_NON_LITERAL_NULL_CONVERSION = YES;
				CLANG_WARN_OBJC_IMPLICIT_RETAIN_SELF = YES;
				CLANG_WARN_OBJC_LITERAL_CONVERSION = YES;
				CLANG_WARN_OBJC_ROOT_CLASS = YES_ERROR;
				CLANG_WARN_QUOTED_INCLUDE_IN_FRAMEWORK_HEADER = YES;
				CLANG_WARN_RANGE_LOOP_ANALYSIS = YES;
				CLANG_WARN_STRICT_PROTOTYPES = YES;
				CLANG_WARN_SUSPICIOUS_MOVE = YES;
				CLANG_WARN_UNGUARDED_AVAILABILITY = YES_AGGRESSIVE;
				CLANG_WARN_UNREACHABLE_CODE = YES;
				CLANG_WARN__DUPLICATE_METHOD_MATCH = YES;
				CODE_SIGN_IDENTITY = "iPhone Developer";
				COPY_PHASE_STRIP = NO;
				DEBUG_INFORMATION_FORMAT = "dwarf-with-dsym";
				ENABLE_NS_ASSERTIONS = NO;
				ENABLE_STRICT_OBJC_MSGSEND = YES;
				GCC_C_LANGUAGE_STANDARD = gnu11;
				GCC_NO_COMMON_BLOCKS = YES;
				GCC_WARN_64_TO_32_BIT_CONVERSION = YES;
				GCC_WARN_ABOUT_RETURN_TYPE = YES_ERROR;
				GCC_WARN_UNDECLARED_SELECTOR = YES;
				GCC_WARN_UNINITIALIZED_AUTOS = YES_AGGRESSIVE;
				GCC_WARN_UNUSED_FUNCTION = YES;
				GCC_WARN_UNUSED_VARIABLE = YES;
				IPHONEOS_DEPLOYMENT_TARGET = 12.1;
				MTL_ENABLE_DEBUG_INFO = NO;
				MTL_FAST_MATH = YES;
				SDKROOT = iphoneos;
				VALIDATE_PRODUCT = YES;
			};
			name = Release;
		};
		87DB8E0C224A233C00A4ACFC /* Debug */ = {
			isa = XCBuildConfiguration;
			baseConfigurationReference = 277AC768FCA483F622850442 /* Pods-OpenWeatherPlus.debug.xcconfig */;
			buildSettings = {
				ASSETCATALOG_COMPILER_APPICON_NAME = AppIcon;
				CODE_SIGN_IDENTITY = "iPhone Developer";
				CODE_SIGN_STYLE = Automatic;
				DEVELOPMENT_TEAM = FX8JNRA3ZJ;
				ENABLE_BITCODE = NO;
				FRAMEWORK_SEARCH_PATHS = (
					"$(inherited)",
					"$(PROJECT_DIR)/OpenWeatherPlus/Helpers",
				);
				GCC_PREFIX_HEADER = "$(SRCROOT)/OpenWeatherPlus/Define/PrefixHeader.pch";
				INFOPLIST_FILE = "$(SRCROOT)/OpenWeatherPlus/Supporting Files/Info.plist";
				IPHONEOS_DEPLOYMENT_TARGET = 12.0;
				LD_RUNPATH_SEARCH_PATHS = (
					"$(inherited)",
					"@executable_path/Frameworks",
				);
				MARKETING_VERSION = 1.0.2;
				PRODUCT_BUNDLE_IDENTIFIER = com.heweather.weatherapp;
				PRODUCT_NAME = "$(TARGET_NAME)";
				PROVISIONING_PROFILE_SPECIFIER = "";
				TARGETED_DEVICE_FAMILY = "1,2";
			};
			name = Debug;
		};
		87DB8E0D224A233C00A4ACFC /* Release */ = {
			isa = XCBuildConfiguration;
			baseConfigurationReference = 6E7C8D1E97AC4C93FE3D5599 /* Pods-OpenWeatherPlus.release.xcconfig */;
			buildSettings = {
				ASSETCATALOG_COMPILER_APPICON_NAME = AppIcon;
				CODE_SIGN_IDENTITY = "iPhone Developer";
				CODE_SIGN_STYLE = Automatic;
				DEVELOPMENT_TEAM = FX8JNRA3ZJ;
				ENABLE_BITCODE = NO;
				FRAMEWORK_SEARCH_PATHS = (
					"$(inherited)",
					"$(PROJECT_DIR)/OpenWeatherPlus/Helpers",
				);
				GCC_PREFIX_HEADER = "$(SRCROOT)/OpenWeatherPlus/Define/PrefixHeader.pch";
				INFOPLIST_FILE = "$(SRCROOT)/OpenWeatherPlus/Supporting Files/Info.plist";
				IPHONEOS_DEPLOYMENT_TARGET = 12.0;
				LD_RUNPATH_SEARCH_PATHS = (
					"$(inherited)",
					"@executable_path/Frameworks",
				);
				MARKETING_VERSION = 1.0.2;
				PRODUCT_BUNDLE_IDENTIFIER = com.heweather.weatherapp;
				PRODUCT_NAME = "$(TARGET_NAME)";
				PROVISIONING_PROFILE_SPECIFIER = "";
				TARGETED_DEVICE_FAMILY = "1,2";
			};
			name = Release;
		};
		87DB8E0F224A233C00A4ACFC /* Debug */ = {
			isa = XCBuildConfiguration;
			baseConfigurationReference = AC7FA903D30354FC67BB3198 /* Pods-OpenWeatherPlusTests.debug.xcconfig */;
			buildSettings = {
				BUNDLE_LOADER = "$(TEST_HOST)";
				CODE_SIGN_STYLE = Automatic;
				DEVELOPMENT_TEAM = FX8JNRA3ZJ;
				INFOPLIST_FILE = OpenWeatherPlusTests/Info.plist;
				LD_RUNPATH_SEARCH_PATHS = (
					"$(inherited)",
					"@executable_path/Frameworks",
					"@loader_path/Frameworks",
				);
				PRODUCT_BUNDLE_IDENTIFIER = com.hefengtianqi.OpenWeatherPlusTests;
				PRODUCT_NAME = "$(TARGET_NAME)";
				TARGETED_DEVICE_FAMILY = "1,2";
				TEST_HOST = "$(BUILT_PRODUCTS_DIR)/OpenWeatherPlus.app/OpenWeatherPlus";
			};
			name = Debug;
		};
		87DB8E10224A233C00A4ACFC /* Release */ = {
			isa = XCBuildConfiguration;
			baseConfigurationReference = 5D39C68B46F0BCD68FDEDE43 /* Pods-OpenWeatherPlusTests.release.xcconfig */;
			buildSettings = {
				BUNDLE_LOADER = "$(TEST_HOST)";
				CODE_SIGN_STYLE = Automatic;
				DEVELOPMENT_TEAM = FX8JNRA3ZJ;
				INFOPLIST_FILE = OpenWeatherPlusTests/Info.plist;
				LD_RUNPATH_SEARCH_PATHS = (
					"$(inherited)",
					"@executable_path/Frameworks",
					"@loader_path/Frameworks",
				);
				PRODUCT_BUNDLE_IDENTIFIER = com.hefengtianqi.OpenWeatherPlusTests;
				PRODUCT_NAME = "$(TARGET_NAME)";
				TARGETED_DEVICE_FAMILY = "1,2";
				TEST_HOST = "$(BUILT_PRODUCTS_DIR)/OpenWeatherPlus.app/OpenWeatherPlus";
			};
			name = Release;
		};
		87DB8E12224A233C00A4ACFC /* Debug */ = {
			isa = XCBuildConfiguration;
			baseConfigurationReference = 9809CEDB2F58D53B55F18BBC /* Pods-OpenWeatherPlusUITests.debug.xcconfig */;
			buildSettings = {
				CODE_SIGN_STYLE = Automatic;
				DEVELOPMENT_TEAM = FX8JNRA3ZJ;
				INFOPLIST_FILE = OpenWeatherPlusUITests/Info.plist;
				LD_RUNPATH_SEARCH_PATHS = (
					"$(inherited)",
					"@executable_path/Frameworks",
					"@loader_path/Frameworks",
				);
				PRODUCT_BUNDLE_IDENTIFIER = com.hefengtianqi.OpenWeatherPlusUITests;
				PRODUCT_NAME = "$(TARGET_NAME)";
				TARGETED_DEVICE_FAMILY = "1,2";
				TEST_TARGET_NAME = OpenWeatherPlus;
			};
			name = Debug;
		};
		87DB8E13224A233C00A4ACFC /* Release */ = {
			isa = XCBuildConfiguration;
			baseConfigurationReference = 2DE4834B23E5B43D0725F3A6 /* Pods-OpenWeatherPlusUITests.release.xcconfig */;
			buildSettings = {
				CODE_SIGN_STYLE = Automatic;
				DEVELOPMENT_TEAM = FX8JNRA3ZJ;
				INFOPLIST_FILE = OpenWeatherPlusUITests/Info.plist;
				LD_RUNPATH_SEARCH_PATHS = (
					"$(inherited)",
					"@executable_path/Frameworks",
					"@loader_path/Frameworks",
				);
				PRODUCT_BUNDLE_IDENTIFIER = com.hefengtianqi.OpenWeatherPlusUITests;
				PRODUCT_NAME = "$(TARGET_NAME)";
				TARGETED_DEVICE_FAMILY = "1,2";
				TEST_TARGET_NAME = OpenWeatherPlus;
			};
			name = Release;
		};
/* End XCBuildConfiguration section */

/* Begin XCConfigurationList section */
		87DB8DDA224A233A00A4ACFC /* Build configuration list for PBXProject "OpenWeatherPlus" */ = {
			isa = XCConfigurationList;
			buildConfigurations = (
				87DB8E09224A233C00A4ACFC /* Debug */,
				87DB8E0A224A233C00A4ACFC /* Release */,
			);
			defaultConfigurationIsVisible = 0;
			defaultConfigurationName = Release;
		};
		87DB8E0B224A233C00A4ACFC /* Build configuration list for PBXNativeTarget "OpenWeatherPlus" */ = {
			isa = XCConfigurationList;
			buildConfigurations = (
				87DB8E0C224A233C00A4ACFC /* Debug */,
				87DB8E0D224A233C00A4ACFC /* Release */,
			);
			defaultConfigurationIsVisible = 0;
			defaultConfigurationName = Release;
		};
		87DB8E0E224A233C00A4ACFC /* Build configuration list for PBXNativeTarget "OpenWeatherPlusTests" */ = {
			isa = XCConfigurationList;
			buildConfigurations = (
				87DB8E0F224A233C00A4ACFC /* Debug */,
				87DB8E10224A233C00A4ACFC /* Release */,
			);
			defaultConfigurationIsVisible = 0;
			defaultConfigurationName = Release;
		};
		87DB8E11224A233C00A4ACFC /* Build configuration list for PBXNativeTarget "OpenWeatherPlusUITests" */ = {
			isa = XCConfigurationList;
			buildConfigurations = (
				87DB8E12224A233C00A4ACFC /* Debug */,
				87DB8E13224A233C00A4ACFC /* Release */,
			);
			defaultConfigurationIsVisible = 0;
			defaultConfigurationName = Release;
		};
/* End XCConfigurationList section */
	};
	rootObject = 87DB8DD7224A233A00A4ACFC /* Project object */;
}
